// !$*UTF8*$!
{
	archiveVersion = 1;
	classes = {
	};
	objectVersion = 48;
	objects = {

/* Begin PBXBuildFile section */
		1B1F3C6D1F9FBAC200DE1A77 /* GameModel.swift in Sources */ = {isa = PBXBuildFile; fileRef = 1B1F3C6C1F9FBAC200DE1A77 /* GameModel.swift */; };
		1B1F3C6F1F9FBD3400DE1A77 /* SKAction+Extensions.swift in Sources */ = {isa = PBXBuildFile; fileRef = 1B1F3C6E1F9FBD3400DE1A77 /* SKAction+Extensions.swift */; };
		1B1F3C721F9FBDF000DE1A77 /* Guest.swift in Sources */ = {isa = PBXBuildFile; fileRef = 1B1F3C711F9FBDF000DE1A77 /* Guest.swift */; };
		1B25D9201F9F5F4A00C19087 /* FloatActionSelector.swift in Sources */ = {isa = PBXBuildFile; fileRef = 1B25D91F1F9F5F4A00C19087 /* FloatActionSelector.swift */; };
		1B25D9221F9F5FB200C19087 /* FloatButton.swift in Sources */ = {isa = PBXBuildFile; fileRef = 1B25D9211F9F5FB200C19087 /* FloatButton.swift */; };
		1B25D9241F9F600400C19087 /* Action.swift in Sources */ = {isa = PBXBuildFile; fileRef = 1B25D9231F9F600400C19087 /* Action.swift */; };
		1B25D9281F9FB82E00C19087 /* CGPoint+Extensions.swift in Sources */ = {isa = PBXBuildFile; fileRef = 1B25D9271F9FB82E00C19087 /* CGPoint+Extensions.swift */; };
		1B25D92A1F9FB88000C19087 /* UIColor+Extensions.swift in Sources */ = {isa = PBXBuildFile; fileRef = 1B25D9291F9FB88000C19087 /* UIColor+Extensions.swift */; };
		1B3EFA081F9FE0290084AFBE /* BaseNode.swift in Sources */ = {isa = PBXBuildFile; fileRef = 1B3EFA071F9FE0290084AFBE /* BaseNode.swift */; };
		1B3EFA0A1F9FE0710084AFBE /* CommonData.swift in Sources */ = {isa = PBXBuildFile; fileRef = 1B3EFA091F9FE0710084AFBE /* CommonData.swift */; };
		1B5103901F990EE200439101 /* Utils.swift in Sources */ = {isa = PBXBuildFile; fileRef = 1B51038F1F990EE200439101 /* Utils.swift */; };
		1B987BE71F9DEE6400F20437 /* String+Extensions.swift in Sources */ = {isa = PBXBuildFile; fileRef = 1B987BE61F9DEE6400F20437 /* String+Extensions.swift */; };
		1B987BEB1F9DF28D00F20437 /* StateMachine.swift in Sources */ = {isa = PBXBuildFile; fileRef = 1B987BEA1F9DF28D00F20437 /* StateMachine.swift */; };
		1B9E2CEA1FA0F4CD005CABBB /* Profile.swift in Sources */ = {isa = PBXBuildFile; fileRef = 1B9E2CE91FA0F4CD005CABBB /* Profile.swift */; };
		1B9E2CEC1FA0F506005CABBB /* Player.swift in Sources */ = {isa = PBXBuildFile; fileRef = 1B9E2CEB1FA0F506005CABBB /* Player.swift */; };
		1B9E2CEF1FA0FDA5005CABBB /* Floor.swift in Sources */ = {isa = PBXBuildFile; fileRef = 1B9E2CEE1FA0FDA5005CABBB /* Floor.swift */; };
		1B9E2CF11FA101EA005CABBB /* Building.swift in Sources */ = {isa = PBXBuildFile; fileRef = 1B9E2CF01FA101EA005CABBB /* Building.swift */; };
		1B9E2CF31FA108B0005CABBB /* Hotel.swift in Sources */ = {isa = PBXBuildFile; fileRef = 1B9E2CF21FA108B0005CABBB /* Hotel.swift */; };
		1BE7B9E91FA8CBB000A11C95 /* Reception.swift in Sources */ = {isa = PBXBuildFile; fileRef = 1BE7B9E81FA8CBB000A11C95 /* Reception.swift */; };
		1BF875241F9815A6004CEDE8 /* AppDelegate.swift in Sources */ = {isa = PBXBuildFile; fileRef = 1BF875231F9815A6004CEDE8 /* AppDelegate.swift */; };
		1BF875261F9815A6004CEDE8 /* GameScene.sks in Resources */ = {isa = PBXBuildFile; fileRef = 1BF875251F9815A6004CEDE8 /* GameScene.sks */; };
		1BF8752A1F9815A6004CEDE8 /* GameScene.swift in Sources */ = {isa = PBXBuildFile; fileRef = 1BF875291F9815A6004CEDE8 /* GameScene.swift */; };
		1BF8752C1F9815A6004CEDE8 /* GameViewController.swift in Sources */ = {isa = PBXBuildFile; fileRef = 1BF8752B1F9815A6004CEDE8 /* GameViewController.swift */; };
		1BF8752F1F9815A6004CEDE8 /* Main.storyboard in Resources */ = {isa = PBXBuildFile; fileRef = 1BF8752D1F9815A6004CEDE8 /* Main.storyboard */; };
		1BF875311F9815A6004CEDE8 /* Assets.xcassets in Resources */ = {isa = PBXBuildFile; fileRef = 1BF875301F9815A6004CEDE8 /* Assets.xcassets */; };
		1BF875341F9815A6004CEDE8 /* LaunchScreen.storyboard in Resources */ = {isa = PBXBuildFile; fileRef = 1BF875321F9815A6004CEDE8 /* LaunchScreen.storyboard */; };
		1BFA2ED51FA7A341005FEFBD /* Teleporter.swift in Sources */ = {isa = PBXBuildFile; fileRef = 1BFA2ED41FA7A341005FEFBD /* Teleporter.swift */; };
		BC24BE421FA3D46B008C7361 /* QueueManager.swift in Sources */ = {isa = PBXBuildFile; fileRef = BC24BE411FA3D46B008C7361 /* QueueManager.swift */; };
		BC24BE451FA4EAEB008C7361 /* GameKitHelper.swift in Sources */ = {isa = PBXBuildFile; fileRef = BC24BE441FA4EAEB008C7361 /* GameKitHelper.swift */; };
		BC24BE471FA4EB00008C7361 /* MultiplayerNetworking.swift in Sources */ = {isa = PBXBuildFile; fileRef = BC24BE461FA4EB00008C7361 /* MultiplayerNetworking.swift */; };
		BC24BE4A1FA6920E008C7361 /* GameKit.framework in Frameworks */ = {isa = PBXBuildFile; fileRef = BC24BE491FA6920E008C7361 /* GameKit.framework */; };
		BC24BE4E1FA7413B008C7361 /* GameServer.swift in Sources */ = {isa = PBXBuildFile; fileRef = BC24BE4D1FA7413B008C7361 /* GameServer.swift */; };
		BC24BE511FA754D8008C7361 /* GameClient.swift in Sources */ = {isa = PBXBuildFile; fileRef = BC24BE501FA754D7008C7361 /* GameClient.swift */; };
		BC24BE541FA7553F008C7361 /* GameNetworkingMixin.swift in Sources */ = {isa = PBXBuildFile; fileRef = BC24BE531FA7553F008C7361 /* GameNetworkingMixin.swift */; };
		BC24BE561FA75F57008C7361 /* DataTypes.swift in Sources */ = {isa = PBXBuildFile; fileRef = BC24BE551FA75F57008C7361 /* DataTypes.swift */; };
		BC24BE581FA79E28008C7361 /* Array+Extensions.swift in Sources */ = {isa = PBXBuildFile; fileRef = BC24BE571FA79E28008C7361 /* Array+Extensions.swift */; };
		BCD69DDC1FA3B9010093D409 /* GuestManager.swift in Sources */ = {isa = PBXBuildFile; fileRef = BCD69DDB1FA3B9010093D409 /* GuestManager.swift */; };
/* End PBXBuildFile section */

/* Begin PBXFileReference section */
		1B1F3C6C1F9FBAC200DE1A77 /* GameModel.swift */ = {isa = PBXFileReference; lastKnownFileType = sourcecode.swift; path = GameModel.swift; sourceTree = "<group>"; };
		1B1F3C6E1F9FBD3400DE1A77 /* SKAction+Extensions.swift */ = {isa = PBXFileReference; lastKnownFileType = sourcecode.swift; path = "SKAction+Extensions.swift"; sourceTree = "<group>"; };
		1B1F3C711F9FBDF000DE1A77 /* Guest.swift */ = {isa = PBXFileReference; lastKnownFileType = sourcecode.swift; path = Guest.swift; sourceTree = "<group>"; };
		1B25D91F1F9F5F4A00C19087 /* FloatActionSelector.swift */ = {isa = PBXFileReference; lastKnownFileType = sourcecode.swift; path = FloatActionSelector.swift; sourceTree = "<group>"; };
		1B25D9211F9F5FB200C19087 /* FloatButton.swift */ = {isa = PBXFileReference; lastKnownFileType = sourcecode.swift; path = FloatButton.swift; sourceTree = "<group>"; };
		1B25D9231F9F600400C19087 /* Action.swift */ = {isa = PBXFileReference; lastKnownFileType = sourcecode.swift; path = Action.swift; sourceTree = "<group>"; };
		1B25D9271F9FB82E00C19087 /* CGPoint+Extensions.swift */ = {isa = PBXFileReference; lastKnownFileType = sourcecode.swift; path = "CGPoint+Extensions.swift"; sourceTree = "<group>"; };
		1B25D9291F9FB88000C19087 /* UIColor+Extensions.swift */ = {isa = PBXFileReference; lastKnownFileType = sourcecode.swift; path = "UIColor+Extensions.swift"; sourceTree = "<group>"; };
		1B3EFA071F9FE0290084AFBE /* BaseNode.swift */ = {isa = PBXFileReference; lastKnownFileType = sourcecode.swift; path = BaseNode.swift; sourceTree = "<group>"; };
		1B3EFA091F9FE0710084AFBE /* CommonData.swift */ = {isa = PBXFileReference; lastKnownFileType = sourcecode.swift; path = CommonData.swift; sourceTree = "<group>"; };
		1B51038F1F990EE200439101 /* Utils.swift */ = {isa = PBXFileReference; fileEncoding = 4; lastKnownFileType = sourcecode.swift; name = Utils.swift; path = gameChallenge/Extensions/Utils.swift; sourceTree = SOURCE_ROOT; };
		1B987BE61F9DEE6400F20437 /* String+Extensions.swift */ = {isa = PBXFileReference; lastKnownFileType = sourcecode.swift; path = "String+Extensions.swift"; sourceTree = "<group>"; };
		1B987BEA1F9DF28D00F20437 /* StateMachine.swift */ = {isa = PBXFileReference; lastKnownFileType = sourcecode.swift; path = StateMachine.swift; sourceTree = "<group>"; };
		1B9E2CE91FA0F4CD005CABBB /* Profile.swift */ = {isa = PBXFileReference; lastKnownFileType = sourcecode.swift; path = Profile.swift; sourceTree = "<group>"; };
		1B9E2CEB1FA0F506005CABBB /* Player.swift */ = {isa = PBXFileReference; lastKnownFileType = sourcecode.swift; path = Player.swift; sourceTree = "<group>"; };
		1B9E2CEE1FA0FDA5005CABBB /* Floor.swift */ = {isa = PBXFileReference; lastKnownFileType = sourcecode.swift; path = Floor.swift; sourceTree = "<group>"; };
		1B9E2CF01FA101EA005CABBB /* Building.swift */ = {isa = PBXFileReference; lastKnownFileType = sourcecode.swift; path = Building.swift; sourceTree = "<group>"; };
		1B9E2CF21FA108B0005CABBB /* Hotel.swift */ = {isa = PBXFileReference; lastKnownFileType = sourcecode.swift; path = Hotel.swift; sourceTree = "<group>"; };
		1BE7B9E81FA8CBB000A11C95 /* Reception.swift */ = {isa = PBXFileReference; lastKnownFileType = sourcecode.swift; name = Reception.swift; path = gameChallenge/Tools/Reception.swift; sourceTree = SOURCE_ROOT; };
		1BF875201F9815A6004CEDE8 /* gameChallenge.app */ = {isa = PBXFileReference; explicitFileType = wrapper.application; includeInIndex = 0; path = gameChallenge.app; sourceTree = BUILT_PRODUCTS_DIR; };
		1BF875231F9815A6004CEDE8 /* AppDelegate.swift */ = {isa = PBXFileReference; lastKnownFileType = sourcecode.swift; path = AppDelegate.swift; sourceTree = "<group>"; };
		1BF875251F9815A6004CEDE8 /* GameScene.sks */ = {isa = PBXFileReference; lastKnownFileType = file.sks; path = GameScene.sks; sourceTree = "<group>"; };
		1BF875291F9815A6004CEDE8 /* GameScene.swift */ = {isa = PBXFileReference; lastKnownFileType = sourcecode.swift; path = GameScene.swift; sourceTree = "<group>"; };
		1BF8752B1F9815A6004CEDE8 /* GameViewController.swift */ = {isa = PBXFileReference; lastKnownFileType = sourcecode.swift; path = GameViewController.swift; sourceTree = "<group>"; };
		1BF8752E1F9815A6004CEDE8 /* Base */ = {isa = PBXFileReference; lastKnownFileType = file.storyboard; name = Base; path = Base.lproj/Main.storyboard; sourceTree = "<group>"; };
		1BF875301F9815A6004CEDE8 /* Assets.xcassets */ = {isa = PBXFileReference; lastKnownFileType = folder.assetcatalog; path = Assets.xcassets; sourceTree = "<group>"; };
		1BF875331F9815A6004CEDE8 /* Base */ = {isa = PBXFileReference; lastKnownFileType = file.storyboard; name = Base; path = Base.lproj/LaunchScreen.storyboard; sourceTree = "<group>"; };
		1BF875351F9815A6004CEDE8 /* Info.plist */ = {isa = PBXFileReference; lastKnownFileType = text.plist.xml; path = Info.plist; sourceTree = "<group>"; };
		1BFA2ED41FA7A341005FEFBD /* Teleporter.swift */ = {isa = PBXFileReference; lastKnownFileType = sourcecode.swift; path = Teleporter.swift; sourceTree = "<group>"; };
		BC24BE411FA3D46B008C7361 /* QueueManager.swift */ = {isa = PBXFileReference; lastKnownFileType = sourcecode.swift; path = QueueManager.swift; sourceTree = "<group>"; };
		BC24BE441FA4EAEB008C7361 /* GameKitHelper.swift */ = {isa = PBXFileReference; lastKnownFileType = sourcecode.swift; path = GameKitHelper.swift; sourceTree = "<group>"; };
		BC24BE461FA4EB00008C7361 /* MultiplayerNetworking.swift */ = {isa = PBXFileReference; lastKnownFileType = sourcecode.swift; path = MultiplayerNetworking.swift; sourceTree = "<group>"; };
		BC24BE491FA6920E008C7361 /* GameKit.framework */ = {isa = PBXFileReference; lastKnownFileType = wrapper.framework; name = GameKit.framework; path = System/Library/Frameworks/GameKit.framework; sourceTree = SDKROOT; };
		BC24BE4B1FA69210008C7361 /* gameChallenge.entitlements */ = {isa = PBXFileReference; lastKnownFileType = text.plist.entitlements; path = gameChallenge.entitlements; sourceTree = "<group>"; };
		BC24BE4D1FA7413B008C7361 /* GameServer.swift */ = {isa = PBXFileReference; lastKnownFileType = sourcecode.swift; path = GameServer.swift; sourceTree = "<group>"; };
		BC24BE501FA754D7008C7361 /* GameClient.swift */ = {isa = PBXFileReference; lastKnownFileType = sourcecode.swift; path = GameClient.swift; sourceTree = "<group>"; };
		BC24BE531FA7553F008C7361 /* GameNetworkingMixin.swift */ = {isa = PBXFileReference; lastKnownFileType = sourcecode.swift; path = GameNetworkingMixin.swift; sourceTree = "<group>"; };
		BC24BE551FA75F57008C7361 /* DataTypes.swift */ = {isa = PBXFileReference; lastKnownFileType = sourcecode.swift; path = DataTypes.swift; sourceTree = "<group>"; };
		BC24BE571FA79E28008C7361 /* Array+Extensions.swift */ = {isa = PBXFileReference; lastKnownFileType = sourcecode.swift; path = "Array+Extensions.swift"; sourceTree = "<group>"; };
		BCD69DDB1FA3B9010093D409 /* GuestManager.swift */ = {isa = PBXFileReference; lastKnownFileType = sourcecode.swift; path = GuestManager.swift; sourceTree = "<group>"; };
/* End PBXFileReference section */

/* Begin PBXFrameworksBuildPhase section */
		1BF8751D1F9815A6004CEDE8 /* Frameworks */ = {
			isa = PBXFrameworksBuildPhase;
			buildActionMask = 2147483647;
			files = (
				BC24BE4A1FA6920E008C7361 /* GameKit.framework in Frameworks */,
			);
			runOnlyForDeploymentPostprocessing = 0;
		};
/* End PBXFrameworksBuildPhase section */

/* Begin PBXGroup section */
		1B1F3C701F9FBDD600DE1A77 /* Players */ = {
			isa = PBXGroup;
			children = (
				1B3EFA071F9FE0290084AFBE /* BaseNode.swift */,
				1B987BEA1F9DF28D00F20437 /* StateMachine.swift */,
				1B3EFA091F9FE0710084AFBE /* CommonData.swift */,
				1B1F3C711F9FBDF000DE1A77 /* Guest.swift */,
				1B9E2CEB1FA0F506005CABBB /* Player.swift */,
				1B9E2CE91FA0F4CD005CABBB /* Profile.swift */,
				1B25D9231F9F600400C19087 /* Action.swift */,
			);
			path = Players;
			sourceTree = "<group>";
		};
		1B25D91E1F9F5E7F00C19087 /* FloatButton */ = {
			isa = PBXGroup;
			children = (
				1B25D91F1F9F5F4A00C19087 /* FloatActionSelector.swift */,
				1B25D9211F9F5FB200C19087 /* FloatButton.swift */,
			);
			path = FloatButton;
			sourceTree = "<group>";
		};
		1B3EFA061F9FE0020084AFBE /* Model */ = {
			isa = PBXGroup;
			children = (
				1B1F3C6C1F9FBAC200DE1A77 /* GameModel.swift */,
				1B9E2CED1FA0FD83005CABBB /* Hotel */,
				1B1F3C701F9FBDD600DE1A77 /* Players */,
			);
			path = Model;
			sourceTree = "<group>";
		};
		1B51038E1F990ECB00439101 /* Extensions */ = {
			isa = PBXGroup;
			children = (
				1B51038F1F990EE200439101 /* Utils.swift */,
				1B987BE61F9DEE6400F20437 /* String+Extensions.swift */,
				1B25D9271F9FB82E00C19087 /* CGPoint+Extensions.swift */,
				1B25D9291F9FB88000C19087 /* UIColor+Extensions.swift */,
				1B1F3C6E1F9FBD3400DE1A77 /* SKAction+Extensions.swift */,
				BC24BE571FA79E28008C7361 /* Array+Extensions.swift */,
			);
			path = Extensions;
			sourceTree = "<group>";
		};
		1B9E2CED1FA0FD83005CABBB /* Hotel */ = {
			isa = PBXGroup;
			children = (
				1B9E2CF21FA108B0005CABBB /* Hotel.swift */,
				1B9E2CEE1FA0FDA5005CABBB /* Floor.swift */,
				1B9E2CF01FA101EA005CABBB /* Building.swift */,
			);
			path = Hotel;
			sourceTree = "<group>";
		};
		1BF875171F9815A6004CEDE8 = {
			isa = PBXGroup;
			children = (
				1BF875221F9815A6004CEDE8 /* gameChallenge */,
				1BF875211F9815A6004CEDE8 /* Products */,
				BC24BE481FA6920E008C7361 /* Frameworks */,
			);
			sourceTree = "<group>";
		};
		1BF875211F9815A6004CEDE8 /* Products */ = {
			isa = PBXGroup;
			children = (
				1BF875201F9815A6004CEDE8 /* gameChallenge.app */,
			);
			name = Products;
			sourceTree = "<group>";
		};
		1BF875221F9815A6004CEDE8 /* gameChallenge */ = {
			isa = PBXGroup;
			children = (
				BC24BE4B1FA69210008C7361 /* gameChallenge.entitlements */,
				1BFA2ED31FA7A333005FEFBD /* Tools */,
				BC24BE431FA4EADA008C7361 /* GameKit */,
				BCD69DDA1FA3B8DC0093D409 /* Managers */,
				1B3EFA061F9FE0020084AFBE /* Model */,
				1B51038E1F990ECB00439101 /* Extensions */,
				1BF875231F9815A6004CEDE8 /* AppDelegate.swift */,
				1BF875251F9815A6004CEDE8 /* GameScene.sks */,
				1BF875291F9815A6004CEDE8 /* GameScene.swift */,
				1BF8752B1F9815A6004CEDE8 /* GameViewController.swift */,
				1BF8752D1F9815A6004CEDE8 /* Main.storyboard */,
				1BF875301F9815A6004CEDE8 /* Assets.xcassets */,
				1BF875321F9815A6004CEDE8 /* LaunchScreen.storyboard */,
				1BF875351F9815A6004CEDE8 /* Info.plist */,
			);
			path = gameChallenge;
			sourceTree = "<group>";
		};
		1BFA2ED31FA7A333005FEFBD /* Tools */ = {
			isa = PBXGroup;
			children = (
				1B25D91E1F9F5E7F00C19087 /* FloatButton */,
				1BE7B9E81FA8CBB000A11C95 /* Reception.swift */,
				1BFA2ED41FA7A341005FEFBD /* Teleporter.swift */,
			);
			path = Tools;
			sourceTree = "<group>";
		};
		BC24BE401FA3D426008C7361 /* Guest */ = {
			isa = PBXGroup;
			children = (
				BCD69DDB1FA3B9010093D409 /* GuestManager.swift */,
				BC24BE411FA3D46B008C7361 /* QueueManager.swift */,
			);
			path = Guest;
			sourceTree = "<group>";
		};
		BC24BE431FA4EADA008C7361 /* GameKit */ = {
			isa = PBXGroup;
			children = (
				BC24BE441FA4EAEB008C7361 /* GameKitHelper.swift */,
				BC24BE461FA4EB00008C7361 /* MultiplayerNetworking.swift */,
			);
			path = GameKit;
			sourceTree = "<group>";
		};
		BC24BE481FA6920E008C7361 /* Frameworks */ = {
			isa = PBXGroup;
			children = (
				BC24BE491FA6920E008C7361 /* GameKit.framework */,
			);
			name = Frameworks;
			sourceTree = "<group>";
		};
		BC24BE4C1FA740FF008C7361 /* Server */ = {
			isa = PBXGroup;
			children = (
				BC24BE4D1FA7413B008C7361 /* GameServer.swift */,
			);
			path = Server;
			sourceTree = "<group>";
		};
		BC24BE4F1FA754C3008C7361 /* Client */ = {
			isa = PBXGroup;
			children = (
				BC24BE501FA754D7008C7361 /* GameClient.swift */,
			);
			path = Client;
			sourceTree = "<group>";
		};
		BC24BE521FA75515008C7361 /* Networking */ = {
			isa = PBXGroup;
			children = (
				BC24BE4C1FA740FF008C7361 /* Server */,
				BC24BE4F1FA754C3008C7361 /* Client */,
				BC24BE531FA7553F008C7361 /* GameNetworkingMixin.swift */,
				BC24BE551FA75F57008C7361 /* DataTypes.swift */,
			);
			path = Networking;
			sourceTree = "<group>";
		};
		BCD69DDA1FA3B8DC0093D409 /* Managers */ = {
			isa = PBXGroup;
			children = (
				BC24BE521FA75515008C7361 /* Networking */,
				BC24BE401FA3D426008C7361 /* Guest */,
			);
			path = Managers;
			sourceTree = "<group>";
		};
/* End PBXGroup section */

/* Begin PBXNativeTarget section */
		1BF8751F1F9815A6004CEDE8 /* gameChallenge */ = {
			isa = PBXNativeTarget;
			buildConfigurationList = 1BF875381F9815A6004CEDE8 /* Build configuration list for PBXNativeTarget "gameChallenge" */;
			buildPhases = (
				1BF8751C1F9815A6004CEDE8 /* Sources */,
				1BF8751D1F9815A6004CEDE8 /* Frameworks */,
				1BF8751E1F9815A6004CEDE8 /* Resources */,
			);
			buildRules = (
			);
			dependencies = (
			);
			name = gameChallenge;
			productName = gameChallenge;
			productReference = 1BF875201F9815A6004CEDE8 /* gameChallenge.app */;
			productType = "com.apple.product-type.application";
		};
/* End PBXNativeTarget section */

/* Begin PBXProject section */
		1BF875181F9815A6004CEDE8 /* Project object */ = {
			isa = PBXProject;
			attributes = {
				LastSwiftUpdateCheck = 0900;
				LastUpgradeCheck = 0900;
				ORGANIZATIONNAME = "Adonay Puszczynski";
				TargetAttributes = {
					1BF8751F1F9815A6004CEDE8 = {
						CreatedOnToolsVersion = 9.0;
						ProvisioningStyle = Automatic;
						SystemCapabilities = {
							com.apple.GameCenter = {
								enabled = 1;
							};
							com.apple.Push = {
								enabled = 1;
							};
						};
					};
				};
			};
			buildConfigurationList = 1BF8751B1F9815A6004CEDE8 /* Build configuration list for PBXProject "gameChallenge" */;
			compatibilityVersion = "Xcode 8.0";
			developmentRegion = en;
			hasScannedForEncodings = 0;
			knownRegions = (
				en,
				Base,
			);
			mainGroup = 1BF875171F9815A6004CEDE8;
			productRefGroup = 1BF875211F9815A6004CEDE8 /* Products */;
			projectDirPath = "";
			projectRoot = "";
			targets = (
				1BF8751F1F9815A6004CEDE8 /* gameChallenge */,
			);
		};
/* End PBXProject section */

/* Begin PBXResourcesBuildPhase section */
		1BF8751E1F9815A6004CEDE8 /* Resources */ = {
			isa = PBXResourcesBuildPhase;
			buildActionMask = 2147483647;
			files = (
				1BF8752F1F9815A6004CEDE8 /* Main.storyboard in Resources */,
				1BF875261F9815A6004CEDE8 /* GameScene.sks in Resources */,
				1BF875311F9815A6004CEDE8 /* Assets.xcassets in Resources */,
				1BF875341F9815A6004CEDE8 /* LaunchScreen.storyboard in Resources */,
			);
			runOnlyForDeploymentPostprocessing = 0;
		};
/* End PBXResourcesBuildPhase section */

/* Begin PBXSourcesBuildPhase section */
		1BF8751C1F9815A6004CEDE8 /* Sources */ = {
			isa = PBXSourcesBuildPhase;
			buildActionMask = 2147483647;
			files = (
				1B9E2CEA1FA0F4CD005CABBB /* Profile.swift in Sources */,
				BC24BE581FA79E28008C7361 /* Array+Extensions.swift in Sources */,
				1BFA2ED51FA7A341005FEFBD /* Teleporter.swift in Sources */,
				1B25D9221F9F5FB200C19087 /* FloatButton.swift in Sources */,
				1B3EFA0A1F9FE0710084AFBE /* CommonData.swift in Sources */,
				1B1F3C721F9FBDF000DE1A77 /* Guest.swift in Sources */,
				1B3EFA081F9FE0290084AFBE /* BaseNode.swift in Sources */,
				1B25D9241F9F600400C19087 /* Action.swift in Sources */,
				1B9E2CF31FA108B0005CABBB /* Hotel.swift in Sources */,
				BC24BE511FA754D8008C7361 /* GameClient.swift in Sources */,
				BC24BE561FA75F57008C7361 /* DataTypes.swift in Sources */,
				1B25D9201F9F5F4A00C19087 /* FloatActionSelector.swift in Sources */,
				1B9E2CF11FA101EA005CABBB /* Building.swift in Sources */,
				BCD69DDC1FA3B9010093D409 /* GuestManager.swift in Sources */,
				1B9E2CEF1FA0FDA5005CABBB /* Floor.swift in Sources */,
				1B25D9281F9FB82E00C19087 /* CGPoint+Extensions.swift in Sources */,
				1B1F3C6D1F9FBAC200DE1A77 /* GameModel.swift in Sources */,
				BC24BE471FA4EB00008C7361 /* MultiplayerNetworking.swift in Sources */,
				BC24BE541FA7553F008C7361 /* GameNetworkingMixin.swift in Sources */,
				1BE7B9E91FA8CBB000A11C95 /* Reception.swift in Sources */,
				BC24BE421FA3D46B008C7361 /* QueueManager.swift in Sources */,
				1BF8752A1F9815A6004CEDE8 /* GameScene.swift in Sources */,
				1BF8752C1F9815A6004CEDE8 /* GameViewController.swift in Sources */,
				BC24BE451FA4EAEB008C7361 /* GameKitHelper.swift in Sources */,
				1BF875241F9815A6004CEDE8 /* AppDelegate.swift in Sources */,
				1B1F3C6F1F9FBD3400DE1A77 /* SKAction+Extensions.swift in Sources */,
				1B987BE71F9DEE6400F20437 /* String+Extensions.swift in Sources */,
				1B25D92A1F9FB88000C19087 /* UIColor+Extensions.swift in Sources */,
				1B987BEB1F9DF28D00F20437 /* StateMachine.swift in Sources */,
				1B9E2CEC1FA0F506005CABBB /* Player.swift in Sources */,
				BC24BE4E1FA7413B008C7361 /* GameServer.swift in Sources */,
				1B5103901F990EE200439101 /* Utils.swift in Sources */,
			);
			runOnlyForDeploymentPostprocessing = 0;
		};
/* End PBXSourcesBuildPhase section */

/* Begin PBXVariantGroup section */
		1BF8752D1F9815A6004CEDE8 /* Main.storyboard */ = {
			isa = PBXVariantGroup;
			children = (
				1BF8752E1F9815A6004CEDE8 /* Base */,
			);
			name = Main.storyboard;
			sourceTree = "<group>";
		};
		1BF875321F9815A6004CEDE8 /* LaunchScreen.storyboard */ = {
			isa = PBXVariantGroup;
			children = (
				1BF875331F9815A6004CEDE8 /* Base */,
			);
			name = LaunchScreen.storyboard;
			sourceTree = "<group>";
		};
/* End PBXVariantGroup section */

/* Begin XCBuildConfiguration section */
		1BF875361F9815A6004CEDE8 /* Debug */ = {
			isa = XCBuildConfiguration;
			buildSettings = {
				ALWAYS_SEARCH_USER_PATHS = NO;
				CLANG_ANALYZER_NONNULL = YES;
				CLANG_ANALYZER_NUMBER_OBJECT_CONVERSION = YES_AGGRESSIVE;
				CLANG_CXX_LANGUAGE_STANDARD = "gnu++14";
				CLANG_CXX_LIBRARY = "libc++";
				CLANG_ENABLE_MODULES = YES;
				CLANG_ENABLE_OBJC_ARC = YES;
				CLANG_WARN_BLOCK_CAPTURE_AUTORELEASING = YES;
				CLANG_WARN_BOOL_CONVERSION = YES;
				CLANG_WARN_COMMA = YES;
				CLANG_WARN_CONSTANT_CONVERSION = YES;
				CLANG_WARN_DIRECT_OBJC_ISA_USAGE = YES_ERROR;
				CLANG_WARN_DOCUMENTATION_COMMENTS = YES;
				CLANG_WARN_EMPTY_BODY = YES;
				CLANG_WARN_ENUM_CONVERSION = YES;
				CLANG_WARN_INFINITE_RECURSION = YES;
				CLANG_WARN_INT_CONVERSION = YES;
				CLANG_WARN_NON_LITERAL_NULL_CONVERSION = YES;
				CLANG_WARN_OBJC_LITERAL_CONVERSION = YES;
				CLANG_WARN_OBJC_ROOT_CLASS = YES_ERROR;
				CLANG_WARN_RANGE_LOOP_ANALYSIS = YES;
				CLANG_WARN_STRICT_PROTOTYPES = YES;
				CLANG_WARN_SUSPICIOUS_MOVE = YES;
				CLANG_WARN_UNGUARDED_AVAILABILITY = YES_AGGRESSIVE;
				CLANG_WARN_UNREACHABLE_CODE = YES;
				CLANG_WARN__DUPLICATE_METHOD_MATCH = YES;
				CODE_SIGN_IDENTITY = "iPhone Developer";
				COPY_PHASE_STRIP = NO;
				DEBUG_INFORMATION_FORMAT = dwarf;
				ENABLE_STRICT_OBJC_MSGSEND = YES;
				ENABLE_TESTABILITY = YES;
				GCC_C_LANGUAGE_STANDARD = gnu11;
				GCC_DYNAMIC_NO_PIC = NO;
				GCC_NO_COMMON_BLOCKS = YES;
				GCC_OPTIMIZATION_LEVEL = 0;
				GCC_PREPROCESSOR_DEFINITIONS = (
					"DEBUG=1",
					"$(inherited)",
				);
				GCC_WARN_64_TO_32_BIT_CONVERSION = YES;
				GCC_WARN_ABOUT_RETURN_TYPE = YES_ERROR;
				GCC_WARN_UNDECLARED_SELECTOR = YES;
				GCC_WARN_UNINITIALIZED_AUTOS = YES_AGGRESSIVE;
				GCC_WARN_UNUSED_FUNCTION = YES;
				GCC_WARN_UNUSED_VARIABLE = YES;
				IPHONEOS_DEPLOYMENT_TARGET = 11.0;
				MTL_ENABLE_DEBUG_INFO = YES;
				ONLY_ACTIVE_ARCH = YES;
				SDKROOT = iphoneos;
				SWIFT_ACTIVE_COMPILATION_CONDITIONS = DEBUG;
				SWIFT_OPTIMIZATION_LEVEL = "-Onone";
			};
			name = Debug;
		};
		1BF875371F9815A6004CEDE8 /* Release */ = {
			isa = XCBuildConfiguration;
			buildSettings = {
				ALWAYS_SEARCH_USER_PATHS = NO;
				CLANG_ANALYZER_NONNULL = YES;
				CLANG_ANALYZER_NUMBER_OBJECT_CONVERSION = YES_AGGRESSIVE;
				CLANG_CXX_LANGUAGE_STANDARD = "gnu++14";
				CLANG_CXX_LIBRARY = "libc++";
				CLANG_ENABLE_MODULES = YES;
				CLANG_ENABLE_OBJC_ARC = YES;
				CLANG_WARN_BLOCK_CAPTURE_AUTORELEASING = YES;
				CLANG_WARN_BOOL_CONVERSION = YES;
				CLANG_WARN_COMMA = YES;
				CLANG_WARN_CONSTANT_CONVERSION = YES;
				CLANG_WARN_DIRECT_OBJC_ISA_USAGE = YES_ERROR;
				CLANG_WARN_DOCUMENTATION_COMMENTS = YES;
				CLANG_WARN_EMPTY_BODY = YES;
				CLANG_WARN_ENUM_CONVERSION = YES;
				CLANG_WARN_INFINITE_RECURSION = YES;
				CLANG_WARN_INT_CONVERSION = YES;
				CLANG_WARN_NON_LITERAL_NULL_CONVERSION = YES;
				CLANG_WARN_OBJC_LITERAL_CONVERSION = YES;
				CLANG_WARN_OBJC_ROOT_CLASS = YES_ERROR;
				CLANG_WARN_RANGE_LOOP_ANALYSIS = YES;
				CLANG_WARN_STRICT_PROTOTYPES = YES;
				CLANG_WARN_SUSPICIOUS_MOVE = YES;
				CLANG_WARN_UNGUARDED_AVAILABILITY = YES_AGGRESSIVE;
				CLANG_WARN_UNREACHABLE_CODE = YES;
				CLANG_WARN__DUPLICATE_METHOD_MATCH = YES;
				CODE_SIGN_IDENTITY = "iPhone Developer";
				COPY_PHASE_STRIP = NO;
				DEBUG_INFORMATION_FORMAT = "dwarf-with-dsym";
				ENABLE_NS_ASSERTIONS = NO;
				ENABLE_STRICT_OBJC_MSGSEND = YES;
				GCC_C_LANGUAGE_STANDARD = gnu11;
				GCC_NO_COMMON_BLOCKS = YES;
				GCC_WARN_64_TO_32_BIT_CONVERSION = YES;
				GCC_WARN_ABOUT_RETURN_TYPE = YES_ERROR;
				GCC_WARN_UNDECLARED_SELECTOR = YES;
				GCC_WARN_UNINITIALIZED_AUTOS = YES_AGGRESSIVE;
				GCC_WARN_UNUSED_FUNCTION = YES;
				GCC_WARN_UNUSED_VARIABLE = YES;
				IPHONEOS_DEPLOYMENT_TARGET = 11.0;
				MTL_ENABLE_DEBUG_INFO = NO;
				SDKROOT = iphoneos;
				SWIFT_OPTIMIZATION_LEVEL = "-Owholemodule";
				VALIDATE_PRODUCT = YES;
			};
			name = Release;
		};
		1BF875391F9815A6004CEDE8 /* Debug */ = {
			isa = XCBuildConfiguration;
			buildSettings = {
				ASSETCATALOG_COMPILER_APPICON_NAME = AppIcon;
				CODE_SIGN_ENTITLEMENTS = gameChallenge/gameChallenge.entitlements;
				CODE_SIGN_STYLE = Automatic;
				DEVELOPMENT_TEAM = 4XWMMXB4KD;
				INFOPLIST_FILE = gameChallenge/Info.plist;
				LD_RUNPATH_SEARCH_PATHS = "$(inherited) @executable_path/Frameworks";
				PRODUCT_BUNDLE_IDENTIFIER = com.adonaypuszczynski.gameChallenge;
				PRODUCT_NAME = "$(TARGET_NAME)";
				SWIFT_OPTIMIZATION_LEVEL = "-Owholemodule";
				SWIFT_VERSION = 4.0;
				TARGETED_DEVICE_FAMILY = "1,2";
			};
			name = Debug;
		};
		1BF8753A1F9815A6004CEDE8 /* Release */ = {
			isa = XCBuildConfiguration;
			buildSettings = {
				ASSETCATALOG_COMPILER_APPICON_NAME = AppIcon;
				CODE_SIGN_ENTITLEMENTS = gameChallenge/gameChallenge.entitlements;
				CODE_SIGN_STYLE = Automatic;
				DEVELOPMENT_TEAM = 4XWMMXB4KD;
				INFOPLIST_FILE = gameChallenge/Info.plist;
				LD_RUNPATH_SEARCH_PATHS = "$(inherited) @executable_path/Frameworks";
				PRODUCT_BUNDLE_IDENTIFIER = com.adonaypuszczynski.gameChallenge;
				PRODUCT_NAME = "$(TARGET_NAME)";
				SWIFT_OPTIMIZATION_LEVEL = "-Onone";
				SWIFT_VERSION = 4.0;
				TARGETED_DEVICE_FAMILY = "1,2";
			};
			name = Release;
		};
/* End XCBuildConfiguration section */

/* Begin XCConfigurationList section */
		1BF8751B1F9815A6004CEDE8 /* Build configuration list for PBXProject "gameChallenge" */ = {
			isa = XCConfigurationList;
			buildConfigurations = (
				1BF875361F9815A6004CEDE8 /* Debug */,
				1BF875371F9815A6004CEDE8 /* Release */,
			);
			defaultConfigurationIsVisible = 0;
			defaultConfigurationName = Release;
		};
		1BF875381F9815A6004CEDE8 /* Build configuration list for PBXNativeTarget "gameChallenge" */ = {
			isa = XCConfigurationList;
			buildConfigurations = (
				1BF875391F9815A6004CEDE8 /* Debug */,
				1BF8753A1F9815A6004CEDE8 /* Release */,
			);
			defaultConfigurationIsVisible = 0;
			defaultConfigurationName = Release;
		};
/* End XCConfigurationList section */
	};
	rootObject = 1BF875181F9815A6004CEDE8 /* Project object */;
}
