// !$*UTF8*$!
{
	archiveVersion = 1;
	classes = {
	};
	objectVersion = 48;
	objects = {

/* Begin PBXBuildFile section */
		1BC5045E1FC74FD300F34070 /* String+Extensions.swift in Sources */ = {isa = PBXBuildFile; fileRef = 1BC504571FC74FD300F34070 /* String+Extensions.swift */; };
		1BC5045F1FC74FD300F34070 /* Utils.swift in Sources */ = {isa = PBXBuildFile; fileRef = 1BC504581FC74FD300F34070 /* Utils.swift */; };
		1BC504601FC74FD300F34070 /* CGPoint+Extensions.swift in Sources */ = {isa = PBXBuildFile; fileRef = 1BC504591FC74FD300F34070 /* CGPoint+Extensions.swift */; };
		1BC504611FC74FD300F34070 /* UIColor+Extensions.swift in Sources */ = {isa = PBXBuildFile; fileRef = 1BC5045A1FC74FD300F34070 /* UIColor+Extensions.swift */; };
		1BC504621FC74FD300F34070 /* Array+Extensions.swift in Sources */ = {isa = PBXBuildFile; fileRef = 1BC5045B1FC74FD300F34070 /* Array+Extensions.swift */; };
		1BC504631FC74FD300F34070 /* CGVector+Extensions.swift in Sources */ = {isa = PBXBuildFile; fileRef = 1BC5045C1FC74FD300F34070 /* CGVector+Extensions.swift */; };
		1BC504641FC74FD300F34070 /* SKAction+Extensions.swift in Sources */ = {isa = PBXBuildFile; fileRef = 1BC5045D1FC74FD300F34070 /* SKAction+Extensions.swift */; };
		1BC504661FC7674300F34070 /* CGFloat+Extensions.swift in Sources */ = {isa = PBXBuildFile; fileRef = 1BC504651FC7674300F34070 /* CGFloat+Extensions.swift */; };
		BCFABCE71FC5BB16007B94FF /* AppDelegate.swift in Sources */ = {isa = PBXBuildFile; fileRef = BCFABCE61FC5BB16007B94FF /* AppDelegate.swift */; };
		BCFABCE91FC5BB16007B94FF /* GameScene.sks in Resources */ = {isa = PBXBuildFile; fileRef = BCFABCE81FC5BB16007B94FF /* GameScene.sks */; };
		BCFABCEB1FC5BB16007B94FF /* Actions.sks in Resources */ = {isa = PBXBuildFile; fileRef = BCFABCEA1FC5BB16007B94FF /* Actions.sks */; };
		BCFABCED1FC5BB16007B94FF /* GameScene.swift in Sources */ = {isa = PBXBuildFile; fileRef = BCFABCEC1FC5BB16007B94FF /* GameScene.swift */; };
		BCFABCEF1FC5BB16007B94FF /* GameViewController.swift in Sources */ = {isa = PBXBuildFile; fileRef = BCFABCEE1FC5BB16007B94FF /* GameViewController.swift */; };
		BCFABCF21FC5BB16007B94FF /* Main.storyboard in Resources */ = {isa = PBXBuildFile; fileRef = BCFABCF01FC5BB16007B94FF /* Main.storyboard */; };
		BCFABCF41FC5BB17007B94FF /* Assets.xcassets in Resources */ = {isa = PBXBuildFile; fileRef = BCFABCF31FC5BB17007B94FF /* Assets.xcassets */; };
		BCFABCF71FC5BB17007B94FF /* LaunchScreen.storyboard in Resources */ = {isa = PBXBuildFile; fileRef = BCFABCF51FC5BB17007B94FF /* LaunchScreen.storyboard */; };
		BCFABD021FC5F53F007B94FF /* Player.swift in Sources */ = {isa = PBXBuildFile; fileRef = BCFABD011FC5F53F007B94FF /* Player.swift */; };
		BCFABD051FC5FA1F007B94FF /* GameManager.swift in Sources */ = {isa = PBXBuildFile; fileRef = BCFABD041FC5FA1F007B94FF /* GameManager.swift */; };
		BCFABD0E1FC7584C007B94FF /* ChooseMapViewController.swift in Sources */ = {isa = PBXBuildFile; fileRef = BCFABD091FC7584B007B94FF /* ChooseMapViewController.swift */; };
		BCFABD0F1FC7584C007B94FF /* Menu.storyboard in Resources */ = {isa = PBXBuildFile; fileRef = BCFABD0A1FC7584C007B94FF /* Menu.storyboard */; };
		BCFABD101FC7584C007B94FF /* PrepareViewController.swift in Sources */ = {isa = PBXBuildFile; fileRef = BCFABD0C1FC7584C007B94FF /* PrepareViewController.swift */; };
		BCFABD111FC7584C007B94FF /* StartViewController.swift in Sources */ = {isa = PBXBuildFile; fileRef = BCFABD0D1FC7584C007B94FF /* StartViewController.swift */; };
		BCFABD1B1FC75932007B94FF /* Array+Extensions.swift in Sources */ = {isa = PBXBuildFile; fileRef = BCFABD141FC75931007B94FF /* Array+Extensions.swift */; };
		BCFABD1C1FC75932007B94FF /* CGPoint+Extensions.swift in Sources */ = {isa = PBXBuildFile; fileRef = BCFABD151FC75931007B94FF /* CGPoint+Extensions.swift */; };
		BCFABD1D1FC75932007B94FF /* CGVector+Extensions.swift in Sources */ = {isa = PBXBuildFile; fileRef = BCFABD161FC75931007B94FF /* CGVector+Extensions.swift */; };
		BCFABD1E1FC75932007B94FF /* String+Extensions.swift in Sources */ = {isa = PBXBuildFile; fileRef = BCFABD171FC75931007B94FF /* String+Extensions.swift */; };
		BCFABD1F1FC75932007B94FF /* UIColor+Extensions.swift in Sources */ = {isa = PBXBuildFile; fileRef = BCFABD181FC75931007B94FF /* UIColor+Extensions.swift */; };
		BCFABD201FC75932007B94FF /* Utils.swift in Sources */ = {isa = PBXBuildFile; fileRef = BCFABD191FC75931007B94FF /* Utils.swift */; };
		BCFABD211FC75932007B94FF /* SKAction+Extensions.swift in Sources */ = {isa = PBXBuildFile; fileRef = BCFABD1A1FC75931007B94FF /* SKAction+Extensions.swift */; };
		BCFABD2D1FC812C1007B94FF /* MultiplayerNetworking.swift in Sources */ = {isa = PBXBuildFile; fileRef = BCFABD2B1FC812C1007B94FF /* MultiplayerNetworking.swift */; };
		BCFABD2E1FC812C1007B94FF /* GameKitHelper.swift in Sources */ = {isa = PBXBuildFile; fileRef = BCFABD2C1FC812C1007B94FF /* GameKitHelper.swift */; };
		BCFABD341FC81831007B94FF /* GameClient.swift in Sources */ = {isa = PBXBuildFile; fileRef = BCFABD301FC8182F007B94FF /* GameClient.swift */; };
		BCFABD351FC81831007B94FF /* GameData.swift in Sources */ = {isa = PBXBuildFile; fileRef = BCFABD311FC8182F007B94FF /* GameData.swift */; };
		BCFABD361FC81831007B94FF /* GameNetworkingMixin.swift in Sources */ = {isa = PBXBuildFile; fileRef = BCFABD321FC81830007B94FF /* GameNetworkingMixin.swift */; };
		BCFABD371FC81831007B94FF /* GameServer.swift in Sources */ = {isa = PBXBuildFile; fileRef = BCFABD331FC81830007B94FF /* GameServer.swift */; };
		BCFABD3E1FC84B2A007B94FF /* GameKit.framework in Frameworks */ = {isa = PBXBuildFile; fileRef = BCFABD3D1FC84B2A007B94FF /* GameKit.framework */; };
		F757F6EF1FC88227009D0B82 /* SpinnerView.swift in Sources */ = {isa = PBXBuildFile; fileRef = F757F6EE1FC88227009D0B82 /* SpinnerView.swift */; };
/* End PBXBuildFile section */

/* Begin PBXFileReference section */
		1BC504571FC74FD300F34070 /* String+Extensions.swift */ = {isa = PBXFileReference; fileEncoding = 4; lastKnownFileType = sourcecode.swift; path = "String+Extensions.swift"; sourceTree = "<group>"; };
		1BC504581FC74FD300F34070 /* Utils.swift */ = {isa = PBXFileReference; fileEncoding = 4; lastKnownFileType = sourcecode.swift; path = Utils.swift; sourceTree = "<group>"; };
		1BC504591FC74FD300F34070 /* CGPoint+Extensions.swift */ = {isa = PBXFileReference; fileEncoding = 4; lastKnownFileType = sourcecode.swift; path = "CGPoint+Extensions.swift"; sourceTree = "<group>"; };
		1BC5045A1FC74FD300F34070 /* UIColor+Extensions.swift */ = {isa = PBXFileReference; fileEncoding = 4; lastKnownFileType = sourcecode.swift; path = "UIColor+Extensions.swift"; sourceTree = "<group>"; };
		1BC5045B1FC74FD300F34070 /* Array+Extensions.swift */ = {isa = PBXFileReference; fileEncoding = 4; lastKnownFileType = sourcecode.swift; path = "Array+Extensions.swift"; sourceTree = "<group>"; };
		1BC5045C1FC74FD300F34070 /* CGVector+Extensions.swift */ = {isa = PBXFileReference; fileEncoding = 4; lastKnownFileType = sourcecode.swift; path = "CGVector+Extensions.swift"; sourceTree = "<group>"; };
		1BC5045D1FC74FD300F34070 /* SKAction+Extensions.swift */ = {isa = PBXFileReference; fileEncoding = 4; lastKnownFileType = sourcecode.swift; path = "SKAction+Extensions.swift"; sourceTree = "<group>"; };
		1BC504651FC7674300F34070 /* CGFloat+Extensions.swift */ = {isa = PBXFileReference; lastKnownFileType = sourcecode.swift; path = "CGFloat+Extensions.swift"; sourceTree = "<group>"; };
		BCFABCE31FC5BB16007B94FF /* Corrida.app */ = {isa = PBXFileReference; explicitFileType = wrapper.application; includeInIndex = 0; path = Corrida.app; sourceTree = BUILT_PRODUCTS_DIR; };
		BCFABCE61FC5BB16007B94FF /* AppDelegate.swift */ = {isa = PBXFileReference; lastKnownFileType = sourcecode.swift; path = AppDelegate.swift; sourceTree = "<group>"; };
		BCFABCE81FC5BB16007B94FF /* GameScene.sks */ = {isa = PBXFileReference; lastKnownFileType = file.sks; path = GameScene.sks; sourceTree = "<group>"; };
		BCFABCEA1FC5BB16007B94FF /* Actions.sks */ = {isa = PBXFileReference; lastKnownFileType = file.sks; path = Actions.sks; sourceTree = "<group>"; };
		BCFABCEC1FC5BB16007B94FF /* GameScene.swift */ = {isa = PBXFileReference; lastKnownFileType = sourcecode.swift; path = GameScene.swift; sourceTree = "<group>"; };
		BCFABCEE1FC5BB16007B94FF /* GameViewController.swift */ = {isa = PBXFileReference; lastKnownFileType = sourcecode.swift; path = GameViewController.swift; sourceTree = "<group>"; };
		BCFABCF11FC5BB16007B94FF /* Base */ = {isa = PBXFileReference; lastKnownFileType = file.storyboard; name = Base; path = Base.lproj/Main.storyboard; sourceTree = "<group>"; };
		BCFABCF31FC5BB17007B94FF /* Assets.xcassets */ = {isa = PBXFileReference; lastKnownFileType = folder.assetcatalog; path = Assets.xcassets; sourceTree = "<group>"; };
		BCFABCF61FC5BB17007B94FF /* Base */ = {isa = PBXFileReference; lastKnownFileType = file.storyboard; name = Base; path = Base.lproj/LaunchScreen.storyboard; sourceTree = "<group>"; };
		BCFABCF81FC5BB17007B94FF /* Info.plist */ = {isa = PBXFileReference; lastKnownFileType = text.plist.xml; path = Info.plist; sourceTree = "<group>"; };
		BCFABD011FC5F53F007B94FF /* Player.swift */ = {isa = PBXFileReference; lastKnownFileType = sourcecode.swift; path = Player.swift; sourceTree = "<group>"; };
		BCFABD041FC5FA1F007B94FF /* GameManager.swift */ = {isa = PBXFileReference; lastKnownFileType = sourcecode.swift; path = GameManager.swift; sourceTree = "<group>"; };
		BCFABD091FC7584B007B94FF /* ChooseMapViewController.swift */ = {isa = PBXFileReference; fileEncoding = 4; lastKnownFileType = sourcecode.swift; path = ChooseMapViewController.swift; sourceTree = "<group>"; };
		BCFABD0B1FC7584C007B94FF /* Base */ = {isa = PBXFileReference; lastKnownFileType = file.storyboard; name = Base; path = Corrida/Base.lproj/Menu.storyboard; sourceTree = "<group>"; };
		BCFABD0C1FC7584C007B94FF /* PrepareViewController.swift */ = {isa = PBXFileReference; fileEncoding = 4; lastKnownFileType = sourcecode.swift; path = PrepareViewController.swift; sourceTree = "<group>"; };
		BCFABD0D1FC7584C007B94FF /* StartViewController.swift */ = {isa = PBXFileReference; fileEncoding = 4; lastKnownFileType = sourcecode.swift; path = StartViewController.swift; sourceTree = "<group>"; };
		BCFABD141FC75931007B94FF /* Array+Extensions.swift */ = {isa = PBXFileReference; fileEncoding = 4; lastKnownFileType = sourcecode.swift; path = "Array+Extensions.swift"; sourceTree = "<group>"; };
		BCFABD151FC75931007B94FF /* CGPoint+Extensions.swift */ = {isa = PBXFileReference; fileEncoding = 4; lastKnownFileType = sourcecode.swift; path = "CGPoint+Extensions.swift"; sourceTree = "<group>"; };
		BCFABD161FC75931007B94FF /* CGVector+Extensions.swift */ = {isa = PBXFileReference; fileEncoding = 4; lastKnownFileType = sourcecode.swift; path = "CGVector+Extensions.swift"; sourceTree = "<group>"; };
		BCFABD171FC75931007B94FF /* String+Extensions.swift */ = {isa = PBXFileReference; fileEncoding = 4; lastKnownFileType = sourcecode.swift; path = "String+Extensions.swift"; sourceTree = "<group>"; };
		BCFABD181FC75931007B94FF /* UIColor+Extensions.swift */ = {isa = PBXFileReference; fileEncoding = 4; lastKnownFileType = sourcecode.swift; path = "UIColor+Extensions.swift"; sourceTree = "<group>"; };
		BCFABD191FC75931007B94FF /* Utils.swift */ = {isa = PBXFileReference; fileEncoding = 4; lastKnownFileType = sourcecode.swift; path = Utils.swift; sourceTree = "<group>"; };
		BCFABD1A1FC75931007B94FF /* SKAction+Extensions.swift */ = {isa = PBXFileReference; fileEncoding = 4; lastKnownFileType = sourcecode.swift; path = "SKAction+Extensions.swift"; sourceTree = "<group>"; };
		BCFABD2B1FC812C1007B94FF /* MultiplayerNetworking.swift */ = {isa = PBXFileReference; fileEncoding = 4; lastKnownFileType = sourcecode.swift; path = MultiplayerNetworking.swift; sourceTree = "<group>"; };
		BCFABD2C1FC812C1007B94FF /* GameKitHelper.swift */ = {isa = PBXFileReference; fileEncoding = 4; lastKnownFileType = sourcecode.swift; path = GameKitHelper.swift; sourceTree = "<group>"; };
		BCFABD301FC8182F007B94FF /* GameClient.swift */ = {isa = PBXFileReference; lastKnownFileType = sourcecode.swift; path = GameClient.swift; sourceTree = "<group>"; };
		BCFABD311FC8182F007B94FF /* GameData.swift */ = {isa = PBXFileReference; lastKnownFileType = sourcecode.swift; path = GameData.swift; sourceTree = "<group>"; };
		BCFABD321FC81830007B94FF /* GameNetworkingMixin.swift */ = {isa = PBXFileReference; lastKnownFileType = sourcecode.swift; path = GameNetworkingMixin.swift; sourceTree = "<group>"; };
		BCFABD331FC81830007B94FF /* GameServer.swift */ = {isa = PBXFileReference; lastKnownFileType = sourcecode.swift; path = GameServer.swift; sourceTree = "<group>"; };
		BCFABD3B1FC84AC7007B94FF /* Corrida.entitlements */ = {isa = PBXFileReference; lastKnownFileType = text.plist.entitlements; path = Corrida.entitlements; sourceTree = "<group>"; };
		BCFABD3D1FC84B2A007B94FF /* GameKit.framework */ = {isa = PBXFileReference; lastKnownFileType = wrapper.framework; name = GameKit.framework; path = System/Library/Frameworks/GameKit.framework; sourceTree = SDKROOT; };
		F757F6EE1FC88227009D0B82 /* SpinnerView.swift */ = {isa = PBXFileReference; lastKnownFileType = sourcecode.swift; path = SpinnerView.swift; sourceTree = "<group>"; };
/* End PBXFileReference section */

/* Begin PBXFrameworksBuildPhase section */
		BCFABCE01FC5BB16007B94FF /* Frameworks */ = {
			isa = PBXFrameworksBuildPhase;
			buildActionMask = 2147483647;
			files = (
				BCFABD3E1FC84B2A007B94FF /* GameKit.framework in Frameworks */,
			);
			runOnlyForDeploymentPostprocessing = 0;
		};
/* End PBXFrameworksBuildPhase section */

/* Begin PBXGroup section */
		BCFABCDA1FC5BB16007B94FF = {
			isa = PBXGroup;
			children = (
				BCFABCE51FC5BB16007B94FF /* Corrida */,
				BCFABCE41FC5BB16007B94FF /* Products */,
				BCFABD3C1FC84B2A007B94FF /* Frameworks */,
			);
			sourceTree = "<group>";
		};
		BCFABCE41FC5BB16007B94FF /* Products */ = {
			isa = PBXGroup;
			children = (
				BCFABCE31FC5BB16007B94FF /* Corrida.app */,
			);
			name = Products;
			sourceTree = "<group>";
		};
		BCFABCE51FC5BB16007B94FF /* Corrida */ = {
			isa = PBXGroup;
			children = (
				F757F6ED1FC88210009D0B82 /* Utils */,
				BCFABD3B1FC84AC7007B94FF /* Corrida.entitlements */,
				BCFABD2F1FC812C4007B94FF /* GameCenter */,
				BCFABD061FC6FCEA007B94FF /* Extensions */,
				BCFABD031FC5FA0D007B94FF /* Managers */,
				BCFABD001FC5BBA6007B94FF /* Controller */,
				BCFABCFF1FC5BB9D007B94FF /* View */,
				BCFABCFE1FC5BB8F007B94FF /* Model */,
				BCFABCE61FC5BB16007B94FF /* AppDelegate.swift */,
				BCFABCEA1FC5BB16007B94FF /* Actions.sks */,
				BCFABCEE1FC5BB16007B94FF /* GameViewController.swift */,
				BCFABCF01FC5BB16007B94FF /* Main.storyboard */,
				BCFABCF31FC5BB17007B94FF /* Assets.xcassets */,
				BCFABCF51FC5BB17007B94FF /* LaunchScreen.storyboard */,
				BCFABCF81FC5BB17007B94FF /* Info.plist */,
			);
			path = Corrida;
			sourceTree = "<group>";
		};
		BCFABCFE1FC5BB8F007B94FF /* Model */ = {
			isa = PBXGroup;
			children = (
				BCFABD011FC5F53F007B94FF /* Player.swift */,
			);
			path = Model;
			sourceTree = "<group>";
		};
		BCFABCFF1FC5BB9D007B94FF /* View */ = {
			isa = PBXGroup;
			children = (
				BCFABD131FC7585B007B94FF /* SKScenes */,
				BCFABD121FC75853007B94FF /* Storyboards */,
			);
			path = View;
			sourceTree = "<group>";
		};
		BCFABD001FC5BBA6007B94FF /* Controller */ = {
			isa = PBXGroup;
			children = (
				BCFABD091FC7584B007B94FF /* ChooseMapViewController.swift */,
				BCFABD0C1FC7584C007B94FF /* PrepareViewController.swift */,
				BCFABD0D1FC7584C007B94FF /* StartViewController.swift */,
				BCFABCEC1FC5BB16007B94FF /* GameScene.swift */,
			);
			path = Controller;
			sourceTree = "<group>";
		};
		BCFABD031FC5FA0D007B94FF /* Managers */ = {
			isa = PBXGroup;
			children = (
				BCFABD381FC8183B007B94FF /* Networking */,
				BCFABD041FC5FA1F007B94FF /* GameManager.swift */,
			);
			path = Managers;
			sourceTree = "<group>";
		};
		BCFABD061FC6FCEA007B94FF /* Extensions */ = {
			isa = PBXGroup;
			children = (
				1BC5045B1FC74FD300F34070 /* Array+Extensions.swift */,
				1BC5045A1FC74FD300F34070 /* UIColor+Extensions.swift */,
				1BC504651FC7674300F34070 /* CGFloat+Extensions.swift */,
				1BC504591FC74FD300F34070 /* CGPoint+Extensions.swift */,
				1BC5045C1FC74FD300F34070 /* CGVector+Extensions.swift */,
				1BC5045D1FC74FD300F34070 /* SKAction+Extensions.swift */,
				1BC504571FC74FD300F34070 /* String+Extensions.swift */,
				1BC504581FC74FD300F34070 /* Utils.swift */,
			);
			path = Extensions;
			sourceTree = "<group>";
		};
		BCFABD121FC75853007B94FF /* Storyboards */ = {
			isa = PBXGroup;
			children = (
				BCFABD0A1FC7584C007B94FF /* Menu.storyboard */,
			);
			path = Storyboards;
			sourceTree = "<group>";
		};
		BCFABD131FC7585B007B94FF /* SKScenes */ = {
			isa = PBXGroup;
			children = (
				BCFABCE81FC5BB16007B94FF /* GameScene.sks */,
			);
			path = SKScenes;
			sourceTree = "<group>";
		};
		BCFABD2F1FC812C4007B94FF /* GameCenter */ = {
			isa = PBXGroup;
			children = (
				BCFABD2C1FC812C1007B94FF /* GameKitHelper.swift */,
				BCFABD2B1FC812C1007B94FF /* MultiplayerNetworking.swift */,
			);
			path = GameCenter;
			sourceTree = "<group>";
		};
		BCFABD381FC8183B007B94FF /* Networking */ = {
			isa = PBXGroup;
			children = (
				BCFABD311FC8182F007B94FF /* GameData.swift */,
				BCFABD321FC81830007B94FF /* GameNetworkingMixin.swift */,
				BCFABD3A1FC81848007B94FF /* Server */,
				BCFABD391FC81843007B94FF /* Client */,
			);
			path = Networking;
			sourceTree = "<group>";
		};
		BCFABD391FC81843007B94FF /* Client */ = {
			isa = PBXGroup;
			children = (
				BCFABD301FC8182F007B94FF /* GameClient.swift */,
			);
			path = Client;
			sourceTree = "<group>";
		};
		BCFABD3A1FC81848007B94FF /* Server */ = {
			isa = PBXGroup;
			children = (
				BCFABD331FC81830007B94FF /* GameServer.swift */,
			);
			path = Server;
			sourceTree = "<group>";
		};
		BCFABD3C1FC84B2A007B94FF /* Frameworks */ = {
			isa = PBXGroup;
			children = (
				BCFABD3D1FC84B2A007B94FF /* GameKit.framework */,
			);
			name = Frameworks;
			sourceTree = "<group>";
		};
		F757F6ED1FC88210009D0B82 /* Utils */ = {
			isa = PBXGroup;
			children = (
				F757F6EE1FC88227009D0B82 /* SpinnerView.swift */,
			);
			path = Utils;
			sourceTree = "<group>";
		};
/* End PBXGroup section */

/* Begin PBXNativeTarget section */
		BCFABCE21FC5BB16007B94FF /* Corrida */ = {
			isa = PBXNativeTarget;
			buildConfigurationList = BCFABCFB1FC5BB17007B94FF /* Build configuration list for PBXNativeTarget "Corrida" */;
			buildPhases = (
				BCFABCDF1FC5BB16007B94FF /* Sources */,
				BCFABCE01FC5BB16007B94FF /* Frameworks */,
				BCFABCE11FC5BB16007B94FF /* Resources */,
			);
			buildRules = (
			);
			dependencies = (
			);
			name = Corrida;
			productName = Corrida;
			productReference = BCFABCE31FC5BB16007B94FF /* Corrida.app */;
			productType = "com.apple.product-type.application";
		};
/* End PBXNativeTarget section */

/* Begin PBXProject section */
		BCFABCDB1FC5BB16007B94FF /* Project object */ = {
			isa = PBXProject;
			attributes = {
				LastSwiftUpdateCheck = 0910;
				LastUpgradeCheck = 0910;
				ORGANIZATIONNAME = "Felipe Melo";
				TargetAttributes = {
					BCFABCE21FC5BB16007B94FF = {
						CreatedOnToolsVersion = 9.1;
						ProvisioningStyle = Automatic;
						SystemCapabilities = {
							com.apple.GameCenter = {
								enabled = 1;
							};
							com.apple.Push = {
								enabled = 1;
							};
						};
					};
				};
			};
			buildConfigurationList = BCFABCDE1FC5BB16007B94FF /* Build configuration list for PBXProject "Corrida" */;
			compatibilityVersion = "Xcode 8.0";
			developmentRegion = en;
			hasScannedForEncodings = 0;
			knownRegions = (
				en,
				Base,
			);
			mainGroup = BCFABCDA1FC5BB16007B94FF;
			productRefGroup = BCFABCE41FC5BB16007B94FF /* Products */;
			projectDirPath = "";
			projectRoot = "";
			targets = (
				BCFABCE21FC5BB16007B94FF /* Corrida */,
			);
		};
/* End PBXProject section */

/* Begin PBXResourcesBuildPhase section */
		BCFABCE11FC5BB16007B94FF /* Resources */ = {
			isa = PBXResourcesBuildPhase;
			buildActionMask = 2147483647;
			files = (
				BCFABCF21FC5BB16007B94FF /* Main.storyboard in Resources */,
				BCFABCE91FC5BB16007B94FF /* GameScene.sks in Resources */,
				BCFABCF41FC5BB17007B94FF /* Assets.xcassets in Resources */,
				BCFABD0F1FC7584C007B94FF /* Menu.storyboard in Resources */,
				BCFABCF71FC5BB17007B94FF /* LaunchScreen.storyboard in Resources */,
				BCFABCEB1FC5BB16007B94FF /* Actions.sks in Resources */,
			);
			runOnlyForDeploymentPostprocessing = 0;
		};
/* End PBXResourcesBuildPhase section */

/* Begin PBXSourcesBuildPhase section */
		BCFABCDF1FC5BB16007B94FF /* Sources */ = {
			isa = PBXSourcesBuildPhase;
			buildActionMask = 2147483647;
			files = (
				BCFABD021FC5F53F007B94FF /* Player.swift in Sources */,
				BCFABD0E1FC7584C007B94FF /* ChooseMapViewController.swift in Sources */,
				BCFABD371FC81831007B94FF /* GameServer.swift in Sources */,
				BCFABCED1FC5BB16007B94FF /* GameScene.swift in Sources */,
				BCFABD2D1FC812C1007B94FF /* MultiplayerNetworking.swift in Sources */,
				BCFABD101FC7584C007B94FF /* PrepareViewController.swift in Sources */,
				BCFABD361FC81831007B94FF /* GameNetworkingMixin.swift in Sources */,
				BCFABD351FC81831007B94FF /* GameData.swift in Sources */,
				BCFABD111FC7584C007B94FF /* StartViewController.swift in Sources */,
				BCFABCEF1FC5BB16007B94FF /* GameViewController.swift in Sources */,
				BCFABCE71FC5BB16007B94FF /* AppDelegate.swift in Sources */,
				BCFABD2E1FC812C1007B94FF /* GameKitHelper.swift in Sources */,
				BCFABD341FC81831007B94FF /* GameClient.swift in Sources */,
				F757F6EF1FC88227009D0B82 /* SpinnerView.swift in Sources */,
				BCFABD051FC5FA1F007B94FF /* GameManager.swift in Sources */,
			);
			runOnlyForDeploymentPostprocessing = 0;
		};
/* End PBXSourcesBuildPhase section */

/* Begin PBXVariantGroup section */
		BCFABCF01FC5BB16007B94FF /* Main.storyboard */ = {
			isa = PBXVariantGroup;
			children = (
				BCFABCF11FC5BB16007B94FF /* Base */,
			);
			name = Main.storyboard;
			sourceTree = "<group>";
		};
		BCFABCF51FC5BB17007B94FF /* LaunchScreen.storyboard */ = {
			isa = PBXVariantGroup;
			children = (
				BCFABCF61FC5BB17007B94FF /* Base */,
			);
			name = LaunchScreen.storyboard;
			sourceTree = "<group>";
		};
		BCFABD0A1FC7584C007B94FF /* Menu.storyboard */ = {
			isa = PBXVariantGroup;
			children = (
				BCFABD0B1FC7584C007B94FF /* Base */,
			);
			name = Menu.storyboard;
			sourceTree = "<group>";
		};
/* End PBXVariantGroup section */

/* Begin XCBuildConfiguration section */
		BCFABCF91FC5BB17007B94FF /* Debug */ = {
			isa = XCBuildConfiguration;
			buildSettings = {
				ALWAYS_SEARCH_USER_PATHS = NO;
				CLANG_ANALYZER_NONNULL = YES;
				CLANG_ANALYZER_NUMBER_OBJECT_CONVERSION = YES_AGGRESSIVE;
				CLANG_CXX_LANGUAGE_STANDARD = "gnu++14";
				CLANG_CXX_LIBRARY = "libc++";
				CLANG_ENABLE_MODULES = YES;
				CLANG_ENABLE_OBJC_ARC = YES;
				CLANG_WARN_BLOCK_CAPTURE_AUTORELEASING = YES;
				CLANG_WARN_BOOL_CONVERSION = YES;
				CLANG_WARN_COMMA = YES;
				CLANG_WARN_CONSTANT_CONVERSION = YES;
				CLANG_WARN_DIRECT_OBJC_ISA_USAGE = YES_ERROR;
				CLANG_WARN_DOCUMENTATION_COMMENTS = YES;
				CLANG_WARN_EMPTY_BODY = YES;
				CLANG_WARN_ENUM_CONVERSION = YES;
				CLANG_WARN_INFINITE_RECURSION = YES;
				CLANG_WARN_INT_CONVERSION = YES;
				CLANG_WARN_NON_LITERAL_NULL_CONVERSION = YES;
				CLANG_WARN_OBJC_LITERAL_CONVERSION = YES;
				CLANG_WARN_OBJC_ROOT_CLASS = YES_ERROR;
				CLANG_WARN_RANGE_LOOP_ANALYSIS = YES;
				CLANG_WARN_STRICT_PROTOTYPES = YES;
				CLANG_WARN_SUSPICIOUS_MOVE = YES;
				CLANG_WARN_UNGUARDED_AVAILABILITY = YES_AGGRESSIVE;
				CLANG_WARN_UNREACHABLE_CODE = YES;
				CLANG_WARN__DUPLICATE_METHOD_MATCH = YES;
				CODE_SIGN_IDENTITY = "iPhone Developer";
				COPY_PHASE_STRIP = NO;
				DEBUG_INFORMATION_FORMAT = dwarf;
				ENABLE_STRICT_OBJC_MSGSEND = YES;
				ENABLE_TESTABILITY = YES;
				GCC_C_LANGUAGE_STANDARD = gnu11;
				GCC_DYNAMIC_NO_PIC = NO;
				GCC_NO_COMMON_BLOCKS = YES;
				GCC_OPTIMIZATION_LEVEL = 0;
				GCC_PREPROCESSOR_DEFINITIONS = (
					"DEBUG=1",
					"$(inherited)",
				);
				GCC_WARN_64_TO_32_BIT_CONVERSION = YES;
				GCC_WARN_ABOUT_RETURN_TYPE = YES_ERROR;
				GCC_WARN_UNDECLARED_SELECTOR = YES;
				GCC_WARN_UNINITIALIZED_AUTOS = YES_AGGRESSIVE;
				GCC_WARN_UNUSED_FUNCTION = YES;
				GCC_WARN_UNUSED_VARIABLE = YES;
				IPHONEOS_DEPLOYMENT_TARGET = 11.1;
				MTL_ENABLE_DEBUG_INFO = YES;
				ONLY_ACTIVE_ARCH = YES;
				SDKROOT = iphoneos;
				SWIFT_ACTIVE_COMPILATION_CONDITIONS = DEBUG;
				SWIFT_OPTIMIZATION_LEVEL = "-Onone";
			};
			name = Debug;
		};
		BCFABCFA1FC5BB17007B94FF /* Release */ = {
			isa = XCBuildConfiguration;
			buildSettings = {
				ALWAYS_SEARCH_USER_PATHS = NO;
				CLANG_ANALYZER_NONNULL = YES;
				CLANG_ANALYZER_NUMBER_OBJECT_CONVERSION = YES_AGGRESSIVE;
				CLANG_CXX_LANGUAGE_STANDARD = "gnu++14";
				CLANG_CXX_LIBRARY = "libc++";
				CLANG_ENABLE_MODULES = YES;
				CLANG_ENABLE_OBJC_ARC = YES;
				CLANG_WARN_BLOCK_CAPTURE_AUTORELEASING = YES;
				CLANG_WARN_BOOL_CONVERSION = YES;
				CLANG_WARN_COMMA = YES;
				CLANG_WARN_CONSTANT_CONVERSION = YES;
				CLANG_WARN_DIRECT_OBJC_ISA_USAGE = YES_ERROR;
				CLANG_WARN_DOCUMENTATION_COMMENTS = YES;
				CLANG_WARN_EMPTY_BODY = YES;
				CLANG_WARN_ENUM_CONVERSION = YES;
				CLANG_WARN_INFINITE_RECURSION = YES;
				CLANG_WARN_INT_CONVERSION = YES;
				CLANG_WARN_NON_LITERAL_NULL_CONVERSION = YES;
				CLANG_WARN_OBJC_LITERAL_CONVERSION = YES;
				CLANG_WARN_OBJC_ROOT_CLASS = YES_ERROR;
				CLANG_WARN_RANGE_LOOP_ANALYSIS = YES;
				CLANG_WARN_STRICT_PROTOTYPES = YES;
				CLANG_WARN_SUSPICIOUS_MOVE = YES;
				CLANG_WARN_UNGUARDED_AVAILABILITY = YES_AGGRESSIVE;
				CLANG_WARN_UNREACHABLE_CODE = YES;
				CLANG_WARN__DUPLICATE_METHOD_MATCH = YES;
				CODE_SIGN_IDENTITY = "iPhone Developer";
				COPY_PHASE_STRIP = NO;
				DEBUG_INFORMATION_FORMAT = "dwarf-with-dsym";
				ENABLE_NS_ASSERTIONS = NO;
				ENABLE_STRICT_OBJC_MSGSEND = YES;
				GCC_C_LANGUAGE_STANDARD = gnu11;
				GCC_NO_COMMON_BLOCKS = YES;
				GCC_WARN_64_TO_32_BIT_CONVERSION = YES;
				GCC_WARN_ABOUT_RETURN_TYPE = YES_ERROR;
				GCC_WARN_UNDECLARED_SELECTOR = YES;
				GCC_WARN_UNINITIALIZED_AUTOS = YES_AGGRESSIVE;
				GCC_WARN_UNUSED_FUNCTION = YES;
				GCC_WARN_UNUSED_VARIABLE = YES;
				IPHONEOS_DEPLOYMENT_TARGET = 11.1;
				MTL_ENABLE_DEBUG_INFO = NO;
				SDKROOT = iphoneos;
				SWIFT_OPTIMIZATION_LEVEL = "-Owholemodule";
				VALIDATE_PRODUCT = YES;
			};
			name = Release;
		};
		BCFABCFC1FC5BB17007B94FF /* Debug */ = {
			isa = XCBuildConfiguration;
			buildSettings = {
				ASSETCATALOG_COMPILER_APPICON_NAME = AppIcon;
				CODE_SIGN_ENTITLEMENTS = Corrida/Corrida.entitlements;
				CODE_SIGN_STYLE = Automatic;
				DEVELOPMENT_TEAM = 4XWMMXB4KD;
				INFOPLIST_FILE = Corrida/Info.plist;
				LD_RUNPATH_SEARCH_PATHS = "$(inherited) @executable_path/Frameworks";
				PRODUCT_BUNDLE_IDENTIFIER = com.ada.Corrida;
				PRODUCT_NAME = "$(TARGET_NAME)";
				SWIFT_VERSION = 4.0;
				TARGETED_DEVICE_FAMILY = "1,2";
			};
			name = Debug;
		};
		BCFABCFD1FC5BB17007B94FF /* Release */ = {
			isa = XCBuildConfiguration;
			buildSettings = {
				ASSETCATALOG_COMPILER_APPICON_NAME = AppIcon;
				CODE_SIGN_ENTITLEMENTS = Corrida/Corrida.entitlements;
				CODE_SIGN_STYLE = Automatic;
				DEVELOPMENT_TEAM = 4XWMMXB4KD;
				INFOPLIST_FILE = Corrida/Info.plist;
				LD_RUNPATH_SEARCH_PATHS = "$(inherited) @executable_path/Frameworks";
				PRODUCT_BUNDLE_IDENTIFIER = com.ada.Corrida;
				PRODUCT_NAME = "$(TARGET_NAME)";
				SWIFT_VERSION = 4.0;
				TARGETED_DEVICE_FAMILY = "1,2";
			};
			name = Release;
		};
/* End XCBuildConfiguration section */

/* Begin XCConfigurationList section */
		BCFABCDE1FC5BB16007B94FF /* Build configuration list for PBXProject "Corrida" */ = {
			isa = XCConfigurationList;
			buildConfigurations = (
				BCFABCF91FC5BB17007B94FF /* Debug */,
				BCFABCFA1FC5BB17007B94FF /* Release */,
			);
			defaultConfigurationIsVisible = 0;
			defaultConfigurationName = Release;
		};
		BCFABCFB1FC5BB17007B94FF /* Build configuration list for PBXNativeTarget "Corrida" */ = {
			isa = XCConfigurationList;
			buildConfigurations = (
				BCFABCFC1FC5BB17007B94FF /* Debug */,
				BCFABCFD1FC5BB17007B94FF /* Release */,
			);
			defaultConfigurationIsVisible = 0;
			defaultConfigurationName = Release;
		};
/* End XCConfigurationList section */
	};
	rootObject = BCFABCDB1FC5BB16007B94FF /* Project object */;
}
