// !$*UTF8*$!
{
	archiveVersion = 1;
	classes = {
	};
	objectVersion = 48;
	objects = {

/* Begin PBXBuildFile section */
		1B37C5B31FB4C8E600B0A058 /* PathState.swift in Sources */ = {isa = PBXBuildFile; fileRef = 1B37C5B21FB4C8E600B0A058 /* PathState.swift */; };
		1B37C5B51FB4C9AE00B0A058 /* WaitingPlayerActionState.swift in Sources */ = {isa = PBXBuildFile; fileRef = 1B37C5B41FB4C9AE00B0A058 /* WaitingPlayerActionState.swift */; };
		1B37C5B81FB4CDB700B0A058 /* DPad.swift in Sources */ = {isa = PBXBuildFile; fileRef = 1B37C5B71FB4CDB700B0A058 /* DPad.swift */; };
		1B6244F41FB5BA70007FD53E /* Building.swift in Sources */ = {isa = PBXBuildFile; fileRef = 1B6244F31FB5BA70007FD53E /* Building.swift */; };
		1B6244F61FB5BC94007FD53E /* Room.swift in Sources */ = {isa = PBXBuildFile; fileRef = 1B6244F51FB5BC94007FD53E /* Room.swift */; };
		1B6244F81FB5BDE2007FD53E /* BuildManager.swift in Sources */ = {isa = PBXBuildFile; fileRef = 1B6244F71FB5BDE2007FD53E /* BuildManager.swift */; };
		1B701CBD1FB22424001C00DB /* Player.swift in Sources */ = {isa = PBXBuildFile; fileRef = 1B701CBC1FB22424001C00DB /* Player.swift */; };
		1B886C9B1FB38BC60043F79E /* BaseEntity.swift in Sources */ = {isa = PBXBuildFile; fileRef = 1B886C9A1FB38BC60043F79E /* BaseEntity.swift */; };
		1B886C9D1FB38BF70043F79E /* Guest.swift in Sources */ = {isa = PBXBuildFile; fileRef = 1B886C9C1FB38BF70043F79E /* Guest.swift */; };
		1B886CA21FB38CCD0043F79E /* GuestManager.swift in Sources */ = {isa = PBXBuildFile; fileRef = 1B886CA01FB38CCD0043F79E /* GuestManager.swift */; };
		1B886CA31FB38CCD0043F79E /* QueueManager.swift in Sources */ = {isa = PBXBuildFile; fileRef = 1B886CA11FB38CCD0043F79E /* QueueManager.swift */; };
		1B9BA3FE1FB23EF700E70ADA /* Utils.swift in Sources */ = {isa = PBXBuildFile; fileRef = 1B9BA3F81FB23EF700E70ADA /* Utils.swift */; };
		1B9BA3FF1FB23EF700E70ADA /* CGPoint+Extensions.swift in Sources */ = {isa = PBXBuildFile; fileRef = 1B9BA3F91FB23EF700E70ADA /* CGPoint+Extensions.swift */; };
		1B9BA4001FB23EF700E70ADA /* String+Extensions.swift in Sources */ = {isa = PBXBuildFile; fileRef = 1B9BA3FA1FB23EF700E70ADA /* String+Extensions.swift */; };
		1B9BA4011FB23EF700E70ADA /* UIColor+Extensions.swift in Sources */ = {isa = PBXBuildFile; fileRef = 1B9BA3FB1FB23EF700E70ADA /* UIColor+Extensions.swift */; };
		1B9BA4021FB23EF700E70ADA /* Array+Extensions.swift in Sources */ = {isa = PBXBuildFile; fileRef = 1B9BA3FC1FB23EF700E70ADA /* Array+Extensions.swift */; };
		1B9BA4031FB23EF700E70ADA /* SKAction+Extensions.swift in Sources */ = {isa = PBXBuildFile; fileRef = 1B9BA3FD1FB23EF700E70ADA /* SKAction+Extensions.swift */; };
		1BAAE68A1FB320BB00B0BAB2 /* BaseState.swift in Sources */ = {isa = PBXBuildFile; fileRef = 1BAAE6891FB320BB00B0BAB2 /* BaseState.swift */; };
		1BB4648A1FB229FB00AB06F1 /* GameScene.sks in Resources */ = {isa = PBXBuildFile; fileRef = 1BB464891FB229FB00AB06F1 /* GameScene.sks */; };
		1BB4648F1FB22A1A00AB06F1 /* IdleState.swift in Sources */ = {isa = PBXBuildFile; fileRef = 1BB4648C1FB22A1A00AB06F1 /* IdleState.swift */; };
		1BB464901FB22A1A00AB06F1 /* StateMachine.swift in Sources */ = {isa = PBXBuildFile; fileRef = 1BB4648D1FB22A1A00AB06F1 /* StateMachine.swift */; };
		1BB464911FB22A1A00AB06F1 /* WalkState.swift in Sources */ = {isa = PBXBuildFile; fileRef = 1BB4648E1FB22A1A00AB06F1 /* WalkState.swift */; };
		1BB464961FB22EC600AB06F1 /* VisualComponent.swift in Sources */ = {isa = PBXBuildFile; fileRef = 1BB464951FB22EC600AB06F1 /* VisualComponent.swift */; };
		1BB464981FB22F6900AB06F1 /* GameManager.swift in Sources */ = {isa = PBXBuildFile; fileRef = 1BB464971FB22F6900AB06F1 /* GameManager.swift */; };
		1BED83BB1FB1DCC900195AC1 /* AppDelegate.swift in Sources */ = {isa = PBXBuildFile; fileRef = 1BED83BA1FB1DCC900195AC1 /* AppDelegate.swift */; };
		1BED83C11FB1DCC900195AC1 /* GameScene.swift in Sources */ = {isa = PBXBuildFile; fileRef = 1BED83C01FB1DCC900195AC1 /* GameScene.swift */; };
		1BED83C31FB1DCC900195AC1 /* GameViewController.swift in Sources */ = {isa = PBXBuildFile; fileRef = 1BED83C21FB1DCC900195AC1 /* GameViewController.swift */; };
		1BED83C61FB1DCC900195AC1 /* Main.storyboard in Resources */ = {isa = PBXBuildFile; fileRef = 1BED83C41FB1DCC900195AC1 /* Main.storyboard */; };
		1BED83C81FB1DCC900195AC1 /* Assets.xcassets in Resources */ = {isa = PBXBuildFile; fileRef = 1BED83C71FB1DCC900195AC1 /* Assets.xcassets */; };
		1BED83CB1FB1DCC900195AC1 /* LaunchScreen.storyboard in Resources */ = {isa = PBXBuildFile; fileRef = 1BED83C91FB1DCC900195AC1 /* LaunchScreen.storyboard */; };
		1BED83D41FB1DF0400195AC1 /* backgroundTileSet.sks in Resources */ = {isa = PBXBuildFile; fileRef = 1BED83D31FB1DF0400195AC1 /* backgroundTileSet.sks */; };
		BC6BC70C1FB6162800EBEC78 /* GameKitHelper.swift in Sources */ = {isa = PBXBuildFile; fileRef = BC6BC70B1FB6162800EBEC78 /* GameKitHelper.swift */; };
		BC6BC70E1FB617D600EBEC78 /* MultiplayerNetworking.swift in Sources */ = {isa = PBXBuildFile; fileRef = BC6BC70D1FB617D600EBEC78 /* MultiplayerNetworking.swift */; };
		BC6BC7101FB6193C00EBEC78 /* GameNetworkingMixin.swift in Sources */ = {isa = PBXBuildFile; fileRef = BC6BC70F1FB6193C00EBEC78 /* GameNetworkingMixin.swift */; };
		BC6BC7131FB619C500EBEC78 /* GameServer.swift in Sources */ = {isa = PBXBuildFile; fileRef = BC6BC7121FB619C500EBEC78 /* GameServer.swift */; };
		BC6BC7161FB619FB00EBEC78 /* GameClient.swift in Sources */ = {isa = PBXBuildFile; fileRef = BC6BC7151FB619FB00EBEC78 /* GameClient.swift */; };
		BCEB23E91FB4D9DD00023E62 /* GameData.swift in Sources */ = {isa = PBXBuildFile; fileRef = BCEB23E81FB4D9DD00023E62 /* GameData.swift */; };
		BCFABCD31FB64185007B94FF /* GameKit.framework in Frameworks */ = {isa = PBXBuildFile; fileRef = BCFABCD21FB64185007B94FF /* GameKit.framework */; };
/* End PBXBuildFile section */

/* Begin PBXFileReference section */
		1B37C5B21FB4C8E600B0A058 /* PathState.swift */ = {isa = PBXFileReference; lastKnownFileType = sourcecode.swift; path = PathState.swift; sourceTree = "<group>"; };
		1B37C5B41FB4C9AE00B0A058 /* WaitingPlayerActionState.swift */ = {isa = PBXFileReference; lastKnownFileType = sourcecode.swift; path = WaitingPlayerActionState.swift; sourceTree = "<group>"; };
		1B37C5B71FB4CDB700B0A058 /* DPad.swift */ = {isa = PBXFileReference; lastKnownFileType = sourcecode.swift; path = DPad.swift; sourceTree = "<group>"; };
		1B6244F31FB5BA70007FD53E /* Building.swift */ = {isa = PBXFileReference; lastKnownFileType = sourcecode.swift; path = Building.swift; sourceTree = "<group>"; };
		1B6244F51FB5BC94007FD53E /* Room.swift */ = {isa = PBXFileReference; lastKnownFileType = sourcecode.swift; path = Room.swift; sourceTree = "<group>"; };
		1B6244F71FB5BDE2007FD53E /* BuildManager.swift */ = {isa = PBXFileReference; lastKnownFileType = sourcecode.swift; path = BuildManager.swift; sourceTree = "<group>"; };
		1B701CBC1FB22424001C00DB /* Player.swift */ = {isa = PBXFileReference; lastKnownFileType = sourcecode.swift; path = Player.swift; sourceTree = "<group>"; };
		1B886C9A1FB38BC60043F79E /* BaseEntity.swift */ = {isa = PBXFileReference; lastKnownFileType = sourcecode.swift; path = BaseEntity.swift; sourceTree = "<group>"; };
		1B886C9C1FB38BF70043F79E /* Guest.swift */ = {isa = PBXFileReference; lastKnownFileType = sourcecode.swift; path = Guest.swift; sourceTree = "<group>"; };
		1B886CA01FB38CCD0043F79E /* GuestManager.swift */ = {isa = PBXFileReference; fileEncoding = 4; lastKnownFileType = sourcecode.swift; path = GuestManager.swift; sourceTree = "<group>"; };
		1B886CA11FB38CCD0043F79E /* QueueManager.swift */ = {isa = PBXFileReference; fileEncoding = 4; lastKnownFileType = sourcecode.swift; path = QueueManager.swift; sourceTree = "<group>"; };
		1B9BA3F81FB23EF700E70ADA /* Utils.swift */ = {isa = PBXFileReference; fileEncoding = 4; lastKnownFileType = sourcecode.swift; path = Utils.swift; sourceTree = "<group>"; };
		1B9BA3F91FB23EF700E70ADA /* CGPoint+Extensions.swift */ = {isa = PBXFileReference; fileEncoding = 4; lastKnownFileType = sourcecode.swift; path = "CGPoint+Extensions.swift"; sourceTree = "<group>"; };
		1B9BA3FA1FB23EF700E70ADA /* String+Extensions.swift */ = {isa = PBXFileReference; fileEncoding = 4; lastKnownFileType = sourcecode.swift; path = "String+Extensions.swift"; sourceTree = "<group>"; };
		1B9BA3FB1FB23EF700E70ADA /* UIColor+Extensions.swift */ = {isa = PBXFileReference; fileEncoding = 4; lastKnownFileType = sourcecode.swift; path = "UIColor+Extensions.swift"; sourceTree = "<group>"; };
		1B9BA3FC1FB23EF700E70ADA /* Array+Extensions.swift */ = {isa = PBXFileReference; fileEncoding = 4; lastKnownFileType = sourcecode.swift; path = "Array+Extensions.swift"; sourceTree = "<group>"; };
		1B9BA3FD1FB23EF700E70ADA /* SKAction+Extensions.swift */ = {isa = PBXFileReference; fileEncoding = 4; lastKnownFileType = sourcecode.swift; path = "SKAction+Extensions.swift"; sourceTree = "<group>"; };
		1BAAE6891FB320BB00B0BAB2 /* BaseState.swift */ = {isa = PBXFileReference; lastKnownFileType = sourcecode.swift; path = BaseState.swift; sourceTree = "<group>"; };
		1BB464891FB229FB00AB06F1 /* GameScene.sks */ = {isa = PBXFileReference; lastKnownFileType = file.sks; path = GameScene.sks; sourceTree = "<group>"; };
		1BB4648C1FB22A1A00AB06F1 /* IdleState.swift */ = {isa = PBXFileReference; fileEncoding = 4; lastKnownFileType = sourcecode.swift; path = IdleState.swift; sourceTree = "<group>"; };
		1BB4648D1FB22A1A00AB06F1 /* StateMachine.swift */ = {isa = PBXFileReference; fileEncoding = 4; lastKnownFileType = sourcecode.swift; path = StateMachine.swift; sourceTree = "<group>"; };
		1BB4648E1FB22A1A00AB06F1 /* WalkState.swift */ = {isa = PBXFileReference; fileEncoding = 4; lastKnownFileType = sourcecode.swift; path = WalkState.swift; sourceTree = "<group>"; };
		1BB464951FB22EC600AB06F1 /* VisualComponent.swift */ = {isa = PBXFileReference; lastKnownFileType = sourcecode.swift; path = VisualComponent.swift; sourceTree = "<group>"; };
		1BB464971FB22F6900AB06F1 /* GameManager.swift */ = {isa = PBXFileReference; lastKnownFileType = sourcecode.swift; path = GameManager.swift; sourceTree = "<group>"; };
		1BED83B71FB1DCC900195AC1 /* topDownHotel.app */ = {isa = PBXFileReference; explicitFileType = wrapper.application; includeInIndex = 0; path = topDownHotel.app; sourceTree = BUILT_PRODUCTS_DIR; };
		1BED83BA1FB1DCC900195AC1 /* AppDelegate.swift */ = {isa = PBXFileReference; lastKnownFileType = sourcecode.swift; path = AppDelegate.swift; sourceTree = "<group>"; };
		1BED83C01FB1DCC900195AC1 /* GameScene.swift */ = {isa = PBXFileReference; lastKnownFileType = sourcecode.swift; path = GameScene.swift; sourceTree = "<group>"; };
		1BED83C21FB1DCC900195AC1 /* GameViewController.swift */ = {isa = PBXFileReference; lastKnownFileType = sourcecode.swift; path = GameViewController.swift; sourceTree = "<group>"; };
		1BED83C51FB1DCC900195AC1 /* Base */ = {isa = PBXFileReference; lastKnownFileType = file.storyboard; name = Base; path = Base.lproj/Main.storyboard; sourceTree = "<group>"; };
		1BED83C71FB1DCC900195AC1 /* Assets.xcassets */ = {isa = PBXFileReference; lastKnownFileType = folder.assetcatalog; path = Assets.xcassets; sourceTree = "<group>"; };
		1BED83CA1FB1DCC900195AC1 /* Base */ = {isa = PBXFileReference; lastKnownFileType = file.storyboard; name = Base; path = Base.lproj/LaunchScreen.storyboard; sourceTree = "<group>"; };
		1BED83CC1FB1DCC900195AC1 /* Info.plist */ = {isa = PBXFileReference; lastKnownFileType = text.plist.xml; path = Info.plist; sourceTree = "<group>"; };
		1BED83D31FB1DF0400195AC1 /* backgroundTileSet.sks */ = {isa = PBXFileReference; lastKnownFileType = file.sks; path = backgroundTileSet.sks; sourceTree = "<group>"; };
		BC6BC70B1FB6162800EBEC78 /* GameKitHelper.swift */ = {isa = PBXFileReference; lastKnownFileType = sourcecode.swift; path = GameKitHelper.swift; sourceTree = "<group>"; };
		BC6BC70D1FB617D600EBEC78 /* MultiplayerNetworking.swift */ = {isa = PBXFileReference; lastKnownFileType = sourcecode.swift; path = MultiplayerNetworking.swift; sourceTree = "<group>"; };
		BC6BC70F1FB6193C00EBEC78 /* GameNetworkingMixin.swift */ = {isa = PBXFileReference; lastKnownFileType = sourcecode.swift; path = GameNetworkingMixin.swift; sourceTree = "<group>"; };
		BC6BC7121FB619C500EBEC78 /* GameServer.swift */ = {isa = PBXFileReference; lastKnownFileType = sourcecode.swift; path = GameServer.swift; sourceTree = "<group>"; };
		BC6BC7151FB619FB00EBEC78 /* GameClient.swift */ = {isa = PBXFileReference; lastKnownFileType = sourcecode.swift; path = GameClient.swift; sourceTree = "<group>"; };
		BCEB23E81FB4D9DD00023E62 /* GameData.swift */ = {isa = PBXFileReference; lastKnownFileType = sourcecode.swift; path = GameData.swift; sourceTree = "<group>"; };
		BCFABCCC1FB62AA7007B94FF /* topDownHotel.entitlements */ = {isa = PBXFileReference; lastKnownFileType = text.plist.entitlements; path = topDownHotel.entitlements; sourceTree = "<group>"; };
		BCFABCD21FB64185007B94FF /* GameKit.framework */ = {isa = PBXFileReference; lastKnownFileType = wrapper.framework; name = GameKit.framework; path = System/Library/Frameworks/GameKit.framework; sourceTree = SDKROOT; };
/* End PBXFileReference section */

/* Begin PBXFrameworksBuildPhase section */
		1BED83B41FB1DCC900195AC1 /* Frameworks */ = {
			isa = PBXFrameworksBuildPhase;
			buildActionMask = 2147483647;
			files = (
				BCFABCD31FB64185007B94FF /* GameKit.framework in Frameworks */,
			);
			runOnlyForDeploymentPostprocessing = 0;
		};
/* End PBXFrameworksBuildPhase section */

/* Begin PBXGroup section */
		1B37C5B61FB4CDA000B0A058 /* Tools */ = {
			isa = PBXGroup;
			children = (
				1B37C5B71FB4CDB700B0A058 /* DPad.swift */,
			);
			path = Tools;
			sourceTree = "<group>";
		};
		1B6244F21FB5BA4E007FD53E /* Building */ = {
			isa = PBXGroup;
			children = (
				1B6244F31FB5BA70007FD53E /* Building.swift */,
				1B6244F51FB5BC94007FD53E /* Room.swift */,
			);
			path = Building;
			sourceTree = "<group>";
		};
		1B886C9E1FB38CB20043F79E /* Managers */ = {
			isa = PBXGroup;
			children = (
				BCEB23E71FB4D9CE00023E62 /* Networking */,
				1BB464971FB22F6900AB06F1 /* GameManager.swift */,
				1B6244F71FB5BDE2007FD53E /* BuildManager.swift */,
				1B886C9F1FB38CCD0043F79E /* Guest */,
			);
			path = Managers;
			sourceTree = "<group>";
		};
		1B886C9F1FB38CCD0043F79E /* Guest */ = {
			isa = PBXGroup;
			children = (
				1B886CA01FB38CCD0043F79E /* GuestManager.swift */,
				1B886CA11FB38CCD0043F79E /* QueueManager.swift */,
			);
			path = Guest;
			sourceTree = "<group>";
		};
		1B9BA3F71FB23ECE00E70ADA /* Extensions */ = {
			isa = PBXGroup;
			children = (
				1B9BA3FC1FB23EF700E70ADA /* Array+Extensions.swift */,
				1B9BA3F91FB23EF700E70ADA /* CGPoint+Extensions.swift */,
				1B9BA3FD1FB23EF700E70ADA /* SKAction+Extensions.swift */,
				1B9BA3FA1FB23EF700E70ADA /* String+Extensions.swift */,
				1B9BA3FB1FB23EF700E70ADA /* UIColor+Extensions.swift */,
				1B9BA3F81FB23EF700E70ADA /* Utils.swift */,
			);
			path = Extensions;
			sourceTree = "<group>";
		};
		1BAC97AB1FB46AAA00A4357C /* PlayerStates */ = {
			isa = PBXGroup;
			children = (
				1BB4648C1FB22A1A00AB06F1 /* IdleState.swift */,
				1BB4648E1FB22A1A00AB06F1 /* WalkState.swift */,
				1B37C5B21FB4C8E600B0A058 /* PathState.swift */,
				1B37C5B41FB4C9AE00B0A058 /* WaitingPlayerActionState.swift */,
			);
			path = PlayerStates;
			sourceTree = "<group>";
		};
		1BB4648B1FB22A1A00AB06F1 /* StateMachine */ = {
			isa = PBXGroup;
			children = (
				1BAAE6891FB320BB00B0BAB2 /* BaseState.swift */,
				1BAC97AB1FB46AAA00A4357C /* PlayerStates */,
				1BB4648D1FB22A1A00AB06F1 /* StateMachine.swift */,
			);
			path = StateMachine;
			sourceTree = "<group>";
		};
		1BB464921FB22E5A00AB06F1 /* Entities */ = {
			isa = PBXGroup;
			children = (
				1B886C9A1FB38BC60043F79E /* BaseEntity.swift */,
				1B6244F21FB5BA4E007FD53E /* Building */,
				1BB464931FB22E6900AB06F1 /* Player */,
			);
			path = Entities;
			sourceTree = "<group>";
		};
		1BB464931FB22E6900AB06F1 /* Player */ = {
			isa = PBXGroup;
			children = (
				1BB464941FB22E7100AB06F1 /* Components */,
				1B701CBC1FB22424001C00DB /* Player.swift */,
				1B886C9C1FB38BF70043F79E /* Guest.swift */,
			);
			path = Player;
			sourceTree = "<group>";
		};
		1BB464941FB22E7100AB06F1 /* Components */ = {
			isa = PBXGroup;
			children = (
				1BB464951FB22EC600AB06F1 /* VisualComponent.swift */,
			);
			path = Components;
			sourceTree = "<group>";
		};
		1BED83AE1FB1DCC900195AC1 = {
			isa = PBXGroup;
			children = (
				1BED83B91FB1DCC900195AC1 /* topDownHotel */,
				1BED83B81FB1DCC900195AC1 /* Products */,
				BCFABCCD1FB62AAA007B94FF /* Frameworks */,
			);
			sourceTree = "<group>";
		};
		1BED83B81FB1DCC900195AC1 /* Products */ = {
			isa = PBXGroup;
			children = (
				1BED83B71FB1DCC900195AC1 /* topDownHotel.app */,
			);
			name = Products;
			sourceTree = "<group>";
		};
		1BED83B91FB1DCC900195AC1 /* topDownHotel */ = {
			isa = PBXGroup;
			children = (
				BCFABCCC1FB62AA7007B94FF /* topDownHotel.entitlements */,
				BCEB23E61FB4D99400023E62 /* GameCenter */,
				1BED83BA1FB1DCC900195AC1 /* AppDelegate.swift */,
				1B886C9E1FB38CB20043F79E /* Managers */,
				1BB464921FB22E5A00AB06F1 /* Entities */,
				1BB4648B1FB22A1A00AB06F1 /* StateMachine */,
				1B9BA3F71FB23ECE00E70ADA /* Extensions */,
				1B37C5B61FB4CDA000B0A058 /* Tools */,
				1BED83D21FB1DEAE00195AC1 /* Tiles */,
				1BED83C01FB1DCC900195AC1 /* GameScene.swift */,
				1BB464891FB229FB00AB06F1 /* GameScene.sks */,
				1BED83C21FB1DCC900195AC1 /* GameViewController.swift */,
				1BED83C41FB1DCC900195AC1 /* Main.storyboard */,
				1BED83C71FB1DCC900195AC1 /* Assets.xcassets */,
				1BED83C91FB1DCC900195AC1 /* LaunchScreen.storyboard */,
				1BED83CC1FB1DCC900195AC1 /* Info.plist */,
			);
			path = topDownHotel;
			sourceTree = "<group>";
		};
		1BED83D21FB1DEAE00195AC1 /* Tiles */ = {
			isa = PBXGroup;
			children = (
				1BED83D31FB1DF0400195AC1 /* backgroundTileSet.sks */,
			);
			path = Tiles;
			sourceTree = "<group>";
		};
		BC6BC7111FB619B500EBEC78 /* Server */ = {
			isa = PBXGroup;
			children = (
				BC6BC7121FB619C500EBEC78 /* GameServer.swift */,
			);
			path = Server;
			sourceTree = "<group>";
		};
		BC6BC7141FB619D200EBEC78 /* Client */ = {
			isa = PBXGroup;
			children = (
				BC6BC7151FB619FB00EBEC78 /* GameClient.swift */,
			);
			path = Client;
			sourceTree = "<group>";
		};
		BCEB23E61FB4D99400023E62 /* GameCenter */ = {
			isa = PBXGroup;
			children = (
				BC6BC70B1FB6162800EBEC78 /* GameKitHelper.swift */,
				BC6BC70D1FB617D600EBEC78 /* MultiplayerNetworking.swift */,
			);
			path = GameCenter;
			sourceTree = "<group>";
		};
		BCEB23E71FB4D9CE00023E62 /* Networking */ = {
			isa = PBXGroup;
			children = (
				BC6BC7141FB619D200EBEC78 /* Client */,
				BC6BC7111FB619B500EBEC78 /* Server */,
				BCEB23E81FB4D9DD00023E62 /* GameData.swift */,
				BC6BC70F1FB6193C00EBEC78 /* GameNetworkingMixin.swift */,
			);
			path = Networking;
			sourceTree = "<group>";
		};
		BCFABCCD1FB62AAA007B94FF /* Frameworks */ = {
			isa = PBXGroup;
			children = (
				BCFABCD21FB64185007B94FF /* GameKit.framework */,
			);
			name = Frameworks;
			sourceTree = "<group>";
		};
/* End PBXGroup section */

/* Begin PBXNativeTarget section */
		1BED83B61FB1DCC900195AC1 /* topDownHotel */ = {
			isa = PBXNativeTarget;
			buildConfigurationList = 1BED83CF1FB1DCC900195AC1 /* Build configuration list for PBXNativeTarget "topDownHotel" */;
			buildPhases = (
				1BED83B31FB1DCC900195AC1 /* Sources */,
				1BED83B41FB1DCC900195AC1 /* Frameworks */,
				1BED83B51FB1DCC900195AC1 /* Resources */,
			);
			buildRules = (
			);
			dependencies = (
			);
			name = topDownHotel;
			productName = topDownHotel;
			productReference = 1BED83B71FB1DCC900195AC1 /* topDownHotel.app */;
			productType = "com.apple.product-type.application";
		};
/* End PBXNativeTarget section */

/* Begin PBXProject section */
		1BED83AF1FB1DCC900195AC1 /* Project object */ = {
			isa = PBXProject;
			attributes = {
				LastSwiftUpdateCheck = 0910;
				LastUpgradeCheck = 0910;
				ORGANIZATIONNAME = "Adonay Puszczynski";
				TargetAttributes = {
					1BED83B61FB1DCC900195AC1 = {
						CreatedOnToolsVersion = 9.1;
						ProvisioningStyle = Automatic;
						SystemCapabilities = {
							com.apple.GameCenter = {
								enabled = 1;
							};
							com.apple.Push = {
								enabled = 1;
							};
						};
					};
				};
			};
			buildConfigurationList = 1BED83B21FB1DCC900195AC1 /* Build configuration list for PBXProject "topDownHotel" */;
			compatibilityVersion = "Xcode 8.0";
			developmentRegion = en;
			hasScannedForEncodings = 0;
			knownRegions = (
				en,
				Base,
			);
			mainGroup = 1BED83AE1FB1DCC900195AC1;
			productRefGroup = 1BED83B81FB1DCC900195AC1 /* Products */;
			projectDirPath = "";
			projectRoot = "";
			targets = (
				1BED83B61FB1DCC900195AC1 /* topDownHotel */,
			);
		};
/* End PBXProject section */

/* Begin PBXResourcesBuildPhase section */
		1BED83B51FB1DCC900195AC1 /* Resources */ = {
			isa = PBXResourcesBuildPhase;
			buildActionMask = 2147483647;
			files = (
				1BED83D41FB1DF0400195AC1 /* backgroundTileSet.sks in Resources */,
				1BB4648A1FB229FB00AB06F1 /* GameScene.sks in Resources */,
				1BED83C61FB1DCC900195AC1 /* Main.storyboard in Resources */,
				1BED83C81FB1DCC900195AC1 /* Assets.xcassets in Resources */,
				1BED83CB1FB1DCC900195AC1 /* LaunchScreen.storyboard in Resources */,
			);
			runOnlyForDeploymentPostprocessing = 0;
		};
/* End PBXResourcesBuildPhase section */

/* Begin PBXSourcesBuildPhase section */
		1BED83B31FB1DCC900195AC1 /* Sources */ = {
			isa = PBXSourcesBuildPhase;
			buildActionMask = 2147483647;
			files = (
				1B701CBD1FB22424001C00DB /* Player.swift in Sources */,
				BC6BC70C1FB6162800EBEC78 /* GameKitHelper.swift in Sources */,
				BC6BC7101FB6193C00EBEC78 /* GameNetworkingMixin.swift in Sources */,
				1B886C9B1FB38BC60043F79E /* BaseEntity.swift in Sources */,
				BC6BC7131FB619C500EBEC78 /* GameServer.swift in Sources */,
				1B886C9D1FB38BF70043F79E /* Guest.swift in Sources */,
				1BB464981FB22F6900AB06F1 /* GameManager.swift in Sources */,
				1B37C5B51FB4C9AE00B0A058 /* WaitingPlayerActionState.swift in Sources */,
				1BED83C11FB1DCC900195AC1 /* GameScene.swift in Sources */,
				1B886CA31FB38CCD0043F79E /* QueueManager.swift in Sources */,
				1B6244F41FB5BA70007FD53E /* Building.swift in Sources */,
				1B9BA4021FB23EF700E70ADA /* Array+Extensions.swift in Sources */,
				1B9BA4011FB23EF700E70ADA /* UIColor+Extensions.swift in Sources */,
				1BB4648F1FB22A1A00AB06F1 /* IdleState.swift in Sources */,
				1BAAE68A1FB320BB00B0BAB2 /* BaseState.swift in Sources */,
				1B6244F81FB5BDE2007FD53E /* BuildManager.swift in Sources */,
				1B9BA4031FB23EF700E70ADA /* SKAction+Extensions.swift in Sources */,
				1B9BA4001FB23EF700E70ADA /* String+Extensions.swift in Sources */,
				BCEB23E91FB4D9DD00023E62 /* GameData.swift in Sources */,
				1BED83C31FB1DCC900195AC1 /* GameViewController.swift in Sources */,
				1B37C5B81FB4CDB700B0A058 /* DPad.swift in Sources */,
				1B9BA3FE1FB23EF700E70ADA /* Utils.swift in Sources */,
				BC6BC70E1FB617D600EBEC78 /* MultiplayerNetworking.swift in Sources */,
				1BB464901FB22A1A00AB06F1 /* StateMachine.swift in Sources */,
				1B9BA3FF1FB23EF700E70ADA /* CGPoint+Extensions.swift in Sources */,
				BC6BC7161FB619FB00EBEC78 /* GameClient.swift in Sources */,
				1B886CA21FB38CCD0043F79E /* GuestManager.swift in Sources */,
				1BB464911FB22A1A00AB06F1 /* WalkState.swift in Sources */,
				1BED83BB1FB1DCC900195AC1 /* AppDelegate.swift in Sources */,
				1BB464961FB22EC600AB06F1 /* VisualComponent.swift in Sources */,
				1B37C5B31FB4C8E600B0A058 /* PathState.swift in Sources */,
				1B6244F61FB5BC94007FD53E /* Room.swift in Sources */,
			);
			runOnlyForDeploymentPostprocessing = 0;
		};
/* End PBXSourcesBuildPhase section */

/* Begin PBXVariantGroup section */
		1BED83C41FB1DCC900195AC1 /* Main.storyboard */ = {
			isa = PBXVariantGroup;
			children = (
				1BED83C51FB1DCC900195AC1 /* Base */,
			);
			name = Main.storyboard;
			sourceTree = "<group>";
		};
		1BED83C91FB1DCC900195AC1 /* LaunchScreen.storyboard */ = {
			isa = PBXVariantGroup;
			children = (
				1BED83CA1FB1DCC900195AC1 /* Base */,
			);
			name = LaunchScreen.storyboard;
			sourceTree = "<group>";
		};
/* End PBXVariantGroup section */

/* Begin XCBuildConfiguration section */
		1BED83CD1FB1DCC900195AC1 /* Debug */ = {
			isa = XCBuildConfiguration;
			buildSettings = {
				ALWAYS_SEARCH_USER_PATHS = NO;
				CLANG_ANALYZER_NONNULL = YES;
				CLANG_ANALYZER_NUMBER_OBJECT_CONVERSION = YES_AGGRESSIVE;
				CLANG_CXX_LANGUAGE_STANDARD = "gnu++14";
				CLANG_CXX_LIBRARY = "libc++";
				CLANG_ENABLE_MODULES = YES;
				CLANG_ENABLE_OBJC_ARC = YES;
				CLANG_WARN_BLOCK_CAPTURE_AUTORELEASING = YES;
				CLANG_WARN_BOOL_CONVERSION = YES;
				CLANG_WARN_COMMA = YES;
				CLANG_WARN_CONSTANT_CONVERSION = YES;
				CLANG_WARN_DIRECT_OBJC_ISA_USAGE = YES_ERROR;
				CLANG_WARN_DOCUMENTATION_COMMENTS = YES;
				CLANG_WARN_EMPTY_BODY = YES;
				CLANG_WARN_ENUM_CONVERSION = YES;
				CLANG_WARN_INFINITE_RECURSION = YES;
				CLANG_WARN_INT_CONVERSION = YES;
				CLANG_WARN_NON_LITERAL_NULL_CONVERSION = YES;
				CLANG_WARN_OBJC_LITERAL_CONVERSION = YES;
				CLANG_WARN_OBJC_ROOT_CLASS = YES_ERROR;
				CLANG_WARN_RANGE_LOOP_ANALYSIS = YES;
				CLANG_WARN_STRICT_PROTOTYPES = YES;
				CLANG_WARN_SUSPICIOUS_MOVE = YES;
				CLANG_WARN_UNGUARDED_AVAILABILITY = YES_AGGRESSIVE;
				CLANG_WARN_UNREACHABLE_CODE = YES;
				CLANG_WARN__DUPLICATE_METHOD_MATCH = YES;
				CODE_SIGN_IDENTITY = "iPhone Developer";
				COPY_PHASE_STRIP = NO;
				DEBUG_INFORMATION_FORMAT = dwarf;
				ENABLE_STRICT_OBJC_MSGSEND = YES;
				ENABLE_TESTABILITY = YES;
				GCC_C_LANGUAGE_STANDARD = gnu11;
				GCC_DYNAMIC_NO_PIC = NO;
				GCC_NO_COMMON_BLOCKS = YES;
				GCC_OPTIMIZATION_LEVEL = 0;
				GCC_PREPROCESSOR_DEFINITIONS = (
					"DEBUG=1",
					"$(inherited)",
				);
				GCC_WARN_64_TO_32_BIT_CONVERSION = YES;
				GCC_WARN_ABOUT_RETURN_TYPE = YES_ERROR;
				GCC_WARN_UNDECLARED_SELECTOR = YES;
				GCC_WARN_UNINITIALIZED_AUTOS = YES_AGGRESSIVE;
				GCC_WARN_UNUSED_FUNCTION = YES;
				GCC_WARN_UNUSED_VARIABLE = YES;
				IPHONEOS_DEPLOYMENT_TARGET = 11.1;
				MTL_ENABLE_DEBUG_INFO = YES;
				ONLY_ACTIVE_ARCH = YES;
				SDKROOT = iphoneos;
				SWIFT_ACTIVE_COMPILATION_CONDITIONS = DEBUG;
				SWIFT_OPTIMIZATION_LEVEL = "-Onone";
			};
			name = Debug;
		};
		1BED83CE1FB1DCC900195AC1 /* Release */ = {
			isa = XCBuildConfiguration;
			buildSettings = {
				ALWAYS_SEARCH_USER_PATHS = NO;
				CLANG_ANALYZER_NONNULL = YES;
				CLANG_ANALYZER_NUMBER_OBJECT_CONVERSION = YES_AGGRESSIVE;
				CLANG_CXX_LANGUAGE_STANDARD = "gnu++14";
				CLANG_CXX_LIBRARY = "libc++";
				CLANG_ENABLE_MODULES = YES;
				CLANG_ENABLE_OBJC_ARC = YES;
				CLANG_WARN_BLOCK_CAPTURE_AUTORELEASING = YES;
				CLANG_WARN_BOOL_CONVERSION = YES;
				CLANG_WARN_COMMA = YES;
				CLANG_WARN_CONSTANT_CONVERSION = YES;
				CLANG_WARN_DIRECT_OBJC_ISA_USAGE = YES_ERROR;
				CLANG_WARN_DOCUMENTATION_COMMENTS = YES;
				CLANG_WARN_EMPTY_BODY = YES;
				CLANG_WARN_ENUM_CONVERSION = YES;
				CLANG_WARN_INFINITE_RECURSION = YES;
				CLANG_WARN_INT_CONVERSION = YES;
				CLANG_WARN_NON_LITERAL_NULL_CONVERSION = YES;
				CLANG_WARN_OBJC_LITERAL_CONVERSION = YES;
				CLANG_WARN_OBJC_ROOT_CLASS = YES_ERROR;
				CLANG_WARN_RANGE_LOOP_ANALYSIS = YES;
				CLANG_WARN_STRICT_PROTOTYPES = YES;
				CLANG_WARN_SUSPICIOUS_MOVE = YES;
				CLANG_WARN_UNGUARDED_AVAILABILITY = YES_AGGRESSIVE;
				CLANG_WARN_UNREACHABLE_CODE = YES;
				CLANG_WARN__DUPLICATE_METHOD_MATCH = YES;
				CODE_SIGN_IDENTITY = "iPhone Developer";
				COPY_PHASE_STRIP = NO;
				DEBUG_INFORMATION_FORMAT = "dwarf-with-dsym";
				ENABLE_NS_ASSERTIONS = NO;
				ENABLE_STRICT_OBJC_MSGSEND = YES;
				GCC_C_LANGUAGE_STANDARD = gnu11;
				GCC_NO_COMMON_BLOCKS = YES;
				GCC_WARN_64_TO_32_BIT_CONVERSION = YES;
				GCC_WARN_ABOUT_RETURN_TYPE = YES_ERROR;
				GCC_WARN_UNDECLARED_SELECTOR = YES;
				GCC_WARN_UNINITIALIZED_AUTOS = YES_AGGRESSIVE;
				GCC_WARN_UNUSED_FUNCTION = YES;
				GCC_WARN_UNUSED_VARIABLE = YES;
				IPHONEOS_DEPLOYMENT_TARGET = 11.1;
				MTL_ENABLE_DEBUG_INFO = NO;
				SDKROOT = iphoneos;
				SWIFT_OPTIMIZATION_LEVEL = "-Owholemodule";
				VALIDATE_PRODUCT = YES;
			};
			name = Release;
		};
		1BED83D01FB1DCC900195AC1 /* Debug */ = {
			isa = XCBuildConfiguration;
			buildSettings = {
				ASSETCATALOG_COMPILER_APPICON_NAME = AppIcon;
				CODE_SIGN_ENTITLEMENTS = topDownHotel/topDownHotel.entitlements;
				"CODE_SIGN_IDENTITY[sdk=iphoneos*]" = "iPhone Developer";
				CODE_SIGN_STYLE = Automatic;
				DEVELOPMENT_TEAM = 4XWMMXB4KD;
				INFOPLIST_FILE = topDownHotel/Info.plist;
				IPHONEOS_DEPLOYMENT_TARGET = 11.0;
				LD_RUNPATH_SEARCH_PATHS = "$(inherited) @executable_path/Frameworks";
				PRODUCT_BUNDLE_IDENTIFIER = com.adonaypuszczynski.topDownHotel;
				PRODUCT_NAME = "$(TARGET_NAME)";
				PROVISIONING_PROFILE_SPECIFIER = "";
				SWIFT_VERSION = 4.0;
				TARGETED_DEVICE_FAMILY = "1,2";
			};
			name = Debug;
		};
		1BED83D11FB1DCC900195AC1 /* Release */ = {
			isa = XCBuildConfiguration;
			buildSettings = {
				ASSETCATALOG_COMPILER_APPICON_NAME = AppIcon;
				CODE_SIGN_ENTITLEMENTS = topDownHotel/topDownHotel.entitlements;
				"CODE_SIGN_IDENTITY[sdk=iphoneos*]" = "iPhone Developer";
				CODE_SIGN_STYLE = Automatic;
				DEVELOPMENT_TEAM = 4XWMMXB4KD;
				INFOPLIST_FILE = topDownHotel/Info.plist;
				IPHONEOS_DEPLOYMENT_TARGET = 11.0;
				LD_RUNPATH_SEARCH_PATHS = "$(inherited) @executable_path/Frameworks";
				PRODUCT_BUNDLE_IDENTIFIER = com.adonaypuszczynski.topDownHotel;
				PRODUCT_NAME = "$(TARGET_NAME)";
				PROVISIONING_PROFILE_SPECIFIER = "";
				SWIFT_VERSION = 4.0;
				TARGETED_DEVICE_FAMILY = "1,2";
			};
			name = Release;
		};
/* End XCBuildConfiguration section */

/* Begin XCConfigurationList section */
		1BED83B21FB1DCC900195AC1 /* Build configuration list for PBXProject "topDownHotel" */ = {
			isa = XCConfigurationList;
			buildConfigurations = (
				1BED83CD1FB1DCC900195AC1 /* Debug */,
				1BED83CE1FB1DCC900195AC1 /* Release */,
			);
			defaultConfigurationIsVisible = 0;
			defaultConfigurationName = Release;
		};
		1BED83CF1FB1DCC900195AC1 /* Build configuration list for PBXNativeTarget "topDownHotel" */ = {
			isa = XCConfigurationList;
			buildConfigurations = (
				1BED83D01FB1DCC900195AC1 /* Debug */,
				1BED83D11FB1DCC900195AC1 /* Release */,
			);
			defaultConfigurationIsVisible = 0;
			defaultConfigurationName = Release;
		};
/* End XCConfigurationList section */
	};
	rootObject = 1BED83AF1FB1DCC900195AC1 /* Project object */;
}
